Microsoft Visual Studio Solution File, Format Version 12.00
# Visual Studio Version 17
VisualStudioVersion = 17.5.2.0
MinimumVisualStudioVersion = 10.0.40219.1
Project("{FAE04EC0-301F-11D3-BF4B-00C04F79EFBC}") = "BinarySearch", "BinarySearch.csproj", "{065D0EF9-071B-72F0-5F7E-0AA72E56899A}"
EndProject
Global
	GlobalSection(SolutionConfigurationPlatforms) = preSolution
		Debug|Any CPU = Debug|Any CPU
		Release|Any CPU = Release|Any CPU
	EndGlobalSection
	GlobalSection(ProjectConfigurationPlatforms) = postSolution
		{065D0EF9-071B-72F0-5F7E-0AA72E56899A}.Debug|Any CPU.ActiveCfg = Debug|Any CPU
		{065D0EF9-071B-72F0-5F7E-0AA72E56899A}.Debug|Any CPU.Build.0 = Debug|Any CPU
		{065D0EF9-071B-72F0-5F7E-0AA72E56899A}.Release|Any CPU.ActiveCfg = Release|Any CPU
		{065D0EF9-071B-72F0-5F7E-0AA72E56899A}.Release|Any CPU.Build.0 = Release|Any CPU
	EndGlobalSection
	GlobalSection(SolutionProperties) = preSolution
		HideSolutionNode = FALSE
	EndGlobalSection
	GlobalSection(ExtensibilityGlobals) = postSolution
		SolutionGuid = {C88155BC-5A4C-48AD-9EE0-E3CA9FF3C5A9}
	EndGlobalSection
EndGlobal
