Microsoft Visual Studio Solution File, Format Version 12.00
# Visual Studio Version 17
VisualStudioVersion = 17.5.2.0
MinimumVisualStudioVersion = 10.0.40219.1
Project("{FAE04EC0-301F-11D3-BF4B-00C04F79EFBC}") = "IntergalacticTransmission", "IntergalacticTransmission.csproj", "{56051AED-6CCC-3C5D-51AB-021AADCA554C}"
EndProject
Global
	GlobalSection(SolutionConfigurationPlatforms) = preSolution
		Debug|Any CPU = Debug|Any CPU
		Release|Any CPU = Release|Any CPU
	EndGlobalSection
	GlobalSection(ProjectConfigurationPlatforms) = postSolution
		{56051AED-6CCC-3C5D-51AB-021AADCA554C}.Debug|Any CPU.ActiveCfg = Debug|Any CPU
		{56051AED-6CCC-3C5D-51AB-021AADCA554C}.Debug|Any CPU.Build.0 = Debug|Any CPU
		{56051AED-6CCC-3C5D-51AB-021AADCA554C}.Release|Any CPU.ActiveCfg = Release|Any CPU
		{56051AED-6CCC-3C5D-51AB-021AADCA554C}.Release|Any CPU.Build.0 = Release|Any CPU
	EndGlobalSection
	GlobalSection(SolutionProperties) = preSolution
		HideSolutionNode = FALSE
	EndGlobalSection
	GlobalSection(ExtensibilityGlobals) = postSolution
		SolutionGuid = {6392ACA9-951A-4D91-9729-DCFFB36BA184}
	EndGlobalSection
EndGlobal
