Microsoft Visual Studio Solution File, Format Version 12.00
# Visual Studio 15
VisualStudioVersion = 15.0.26228.4
MinimumVisualStudioVersion = 15.0.26124.0
Project("{9A19103F-16F7-4668-BE54-9A1E7A4F7556}") = "TreeBuilding", "tree-building\TreeBuilding.csproj", "{B0E08B2C-51F8-4E11-9D7C-02F08EAFEAD1}"
EndProject
Project("{9A19103F-16F7-4668-BE54-9A1E7A4F7556}") = "Ledger", "ledger\Ledger.csproj", "{4CD21D4F-5DCC-4506-8BDB-292555F43E9B}"
EndProject
Project("{9A19103F-16F7-4668-BE54-9A1E7A4F7556}") = "Markdown", "markdown\Markdown.csproj", "{78C54755-0602-409D-8058-0AC3C339BF37}"
EndProject
Global
	GlobalSection(SolutionConfigurationPlatforms) = preSolution
		Debug|Any CPU = Debug|Any CPU
		Debug|x64 = Debug|x64
		Debug|x86 = Debug|x86
		Release|Any CPU = Release|Any CPU
		Release|x64 = Release|x64
		Release|x86 = Release|x86
	EndGlobalSection
	GlobalSection(ProjectConfigurationPlatforms) = postSolution
		{B0E08B2C-51F8-4E11-9D7C-02F08EAFEAD1}.Debug|Any CPU.ActiveCfg = Debug|Any CPU
		{B0E08B2C-51F8-4E11-9D7C-02F08EAFEAD1}.Debug|Any CPU.Build.0 = Debug|Any CPU
		{B0E08B2C-51F8-4E11-9D7C-02F08EAFEAD1}.Debug|x64.ActiveCfg = Debug|Any CPU
		{B0E08B2C-51F8-4E11-9D7C-02F08EAFEAD1}.Debug|x64.Build.0 = Debug|Any CPU
		{B0E08B2C-51F8-4E11-9D7C-02F08EAFEAD1}.Debug|x86.ActiveCfg = Debug|Any CPU
		{B0E08B2C-51F8-4E11-9D7C-02F08EAFEAD1}.Debug|x86.Build.0 = Debug|Any CPU
		{B0E08B2C-51F8-4E11-9D7C-02F08EAFEAD1}.Release|Any CPU.ActiveCfg = Release|Any CPU
		{B0E08B2C-51F8-4E11-9D7C-02F08EAFEAD1}.Release|Any CPU.Build.0 = Release|Any CPU
		{B0E08B2C-51F8-4E11-9D7C-02F08EAFEAD1}.Release|x64.ActiveCfg = Release|Any CPU
		{B0E08B2C-51F8-4E11-9D7C-02F08EAFEAD1}.Release|x64.Build.0 = Release|Any CPU
		{B0E08B2C-51F8-4E11-9D7C-02F08EAFEAD1}.Release|x86.ActiveCfg = Release|Any CPU
		{B0E08B2C-51F8-4E11-9D7C-02F08EAFEAD1}.Release|x86.Build.0 = Release|Any CPU
		{4CD21D4F-5DCC-4506-8BDB-292555F43E9B}.Debug|Any CPU.ActiveCfg = Debug|Any CPU
		{4CD21D4F-5DCC-4506-8BDB-292555F43E9B}.Debug|Any CPU.Build.0 = Debug|Any CPU
		{4CD21D4F-5DCC-4506-8BDB-292555F43E9B}.Debug|x64.ActiveCfg = Debug|Any CPU
		{4CD21D4F-5DCC-4506-8BDB-292555F43E9B}.Debug|x64.Build.0 = Debug|Any CPU
		{4CD21D4F-5DCC-4506-8BDB-292555F43E9B}.Debug|x86.ActiveCfg = Debug|Any CPU
		{4CD21D4F-5DCC-4506-8BDB-292555F43E9B}.Debug|x86.Build.0 = Debug|Any CPU
		{4CD21D4F-5DCC-4506-8BDB-292555F43E9B}.Release|Any CPU.ActiveCfg = Release|Any CPU
		{4CD21D4F-5DCC-4506-8BDB-292555F43E9B}.Release|Any CPU.Build.0 = Release|Any CPU
		{4CD21D4F-5DCC-4506-8BDB-292555F43E9B}.Release|x64.ActiveCfg = Release|Any CPU
		{4CD21D4F-5DCC-4506-8BDB-292555F43E9B}.Release|x64.Build.0 = Release|Any CPU
		{4CD21D4F-5DCC-4506-8BDB-292555F43E9B}.Release|x86.ActiveCfg = Release|Any CPU
		{4CD21D4F-5DCC-4506-8BDB-292555F43E9B}.Release|x86.Build.0 = Release|Any CPU
		{78C54755-0602-409D-8058-0AC3C339BF37}.Debug|Any CPU.ActiveCfg = Debug|Any CPU
		{78C54755-0602-409D-8058-0AC3C339BF37}.Debug|Any CPU.Build.0 = Debug|Any CPU
		{78C54755-0602-409D-8058-0AC3C339BF37}.Debug|x64.ActiveCfg = Debug|Any CPU
		{78C54755-0602-409D-8058-0AC3C339BF37}.Debug|x64.Build.0 = Debug|Any CPU
		{78C54755-0602-409D-8058-0AC3C339BF37}.Debug|x86.ActiveCfg = Debug|Any CPU
		{78C54755-0602-409D-8058-0AC3C339BF37}.Debug|x86.Build.0 = Debug|Any CPU
		{78C54755-0602-409D-8058-0AC3C339BF37}.Release|Any CPU.ActiveCfg = Release|Any CPU
		{78C54755-0602-409D-8058-0AC3C339BF37}.Release|Any CPU.Build.0 = Release|Any CPU
		{78C54755-0602-409D-8058-0AC3C339BF37}.Release|x64.ActiveCfg = Release|Any CPU
		{78C54755-0602-409D-8058-0AC3C339BF37}.Release|x64.Build.0 = Release|Any CPU
		{78C54755-0602-409D-8058-0AC3C339BF37}.Release|x86.ActiveCfg = Release|Any CPU
		{78C54755-0602-409D-8058-0AC3C339BF37}.Release|x86.Build.0 = Release|Any CPU
	EndGlobalSection
	GlobalSection(SolutionProperties) = preSolution
		HideSolutionNode = FALSE
	EndGlobalSection
EndGlobal
