Microsoft Visual Studio Solution File, Format Version 12.00
# Visual Studio 15
VisualStudioVersion = 15.0.26730.12
MinimumVisualStudioVersion = 15.0.26124.0
Project("{9A19103F-16F7-4668-BE54-9A1E7A4F7556}") = "Accumulate", "accumulate\Accumulate.csproj", "{F16C0EE1-6923-4328-B015-363CF24FF867}"
EndProject
Project("{9A19103F-16F7-4668-BE54-9A1E7A4F7556}") = "Acronym", "acronym\Acronym.csproj", "{0B8FF29D-6707-4112-8398-6F383A31524D}"
EndProject
Project("{9A19103F-16F7-4668-BE54-9A1E7A4F7556}") = "AllYourBase", "all-your-base\AllYourBase.csproj", "{CFA7CC8D-C585-4AE6-BAD0-840D3DC62A43}"
EndProject
Project("{9A19103F-16F7-4668-BE54-9A1E7A4F7556}") = "Allergies", "allergies\Allergies.csproj", "{C9372234-0F42-4E0E-BD55-EAC351D9256C}"
EndProject
Project("{9A19103F-16F7-4668-BE54-9A1E7A4F7556}") = "Alphametics", "alphametics\Alphametics.csproj", "{BA7E7612-8AE8-4246-8E09-190445DF9900}"
EndProject
Project("{9A19103F-16F7-4668-BE54-9A1E7A4F7556}") = "Anagram", "anagram\Anagram.csproj", "{815C764D-CC32-4BD9-8F32-78A2D030C71E}"
EndProject
Project("{9A19103F-16F7-4668-BE54-9A1E7A4F7556}") = "AtbashCipher", "atbash-cipher\AtbashCipher.csproj", "{4CEF0893-7AE3-455E-98C1-89BB822AC1C2}"
EndProject
Project("{9A19103F-16F7-4668-BE54-9A1E7A4F7556}") = "BankAccount", "bank-account\BankAccount.csproj", "{12BF4BEE-261C-42B8-B2DC-D80262744AC2}"
EndProject
Project("{9A19103F-16F7-4668-BE54-9A1E7A4F7556}") = "BeerSong", "beer-song\BeerSong.csproj", "{BE87F8A4-E216-40A7-86CF-153A15BAFEF8}"
EndProject
Project("{9A19103F-16F7-4668-BE54-9A1E7A4F7556}") = "BinarySearch", "binary-search\BinarySearch.csproj", "{1F8B6B66-7A58-4F84-9D3A-FB454D2CC3E2}"
EndProject
Project("{9A19103F-16F7-4668-BE54-9A1E7A4F7556}") = "BinarySearchTree", "binary-search-tree\BinarySearchTree.csproj", "{6FBC562A-7721-4846-81B6-D79D5AF576C5}"
EndProject
Project("{9A19103F-16F7-4668-BE54-9A1E7A4F7556}") = "Bob", "bob\Bob.csproj", "{C8D01AEE-9AD9-4134-9721-3442C59702B2}"
EndProject
Project("{9A19103F-16F7-4668-BE54-9A1E7A4F7556}") = "BookStore", "book-store\BookStore.csproj", "{F9175D9F-7602-4BE1-B565-EA723D0CDF0A}"
EndProject
Project("{9A19103F-16F7-4668-BE54-9A1E7A4F7556}") = "Bowling", "bowling\Bowling.csproj", "{CE0CA302-A594-422D-A215-E78F2F3AF0CE}"
EndProject
Project("{9A19103F-16F7-4668-BE54-9A1E7A4F7556}") = "MatchingBrackets", "matching-brackets\MatchingBrackets.csproj", "{A9584773-6FD0-42CB-B94E-A61125C5C1E7}"
EndProject
Project("{9A19103F-16F7-4668-BE54-9A1E7A4F7556}") = "Change", "change\Change.csproj", "{31595C04-4C0E-4A72-90A1-054EE5C47BFC}"
EndProject
Project("{9A19103F-16F7-4668-BE54-9A1E7A4F7556}") = "CircularBuffer", "circular-buffer\CircularBuffer.csproj", "{A3016178-CED9-4DDD-8FF4-03C420AD77B9}"
EndProject
Project("{9A19103F-16F7-4668-BE54-9A1E7A4F7556}") = "Clock", "clock\Clock.csproj", "{D498F024-BA85-4543-88F9-1DCF239470C7}"
EndProject
Project("{9A19103F-16F7-4668-BE54-9A1E7A4F7556}") = "Connect", "connect\Connect.csproj", "{2C9B22CE-770A-400B-BD9B-287030CF12BB}"
EndProject
Project("{9A19103F-16F7-4668-BE54-9A1E7A4F7556}") = "CryptoSquare", "crypto-square\CryptoSquare.csproj", "{A6151CB7-713E-43B0-A403-9C73F9936D4B}"
EndProject
Project("{9A19103F-16F7-4668-BE54-9A1E7A4F7556}") = "CustomSet", "custom-set\CustomSet.csproj", "{3ED88500-2825-4F24-81E6-C816FF89A5B5}"
EndProject
Project("{9A19103F-16F7-4668-BE54-9A1E7A4F7556}") = "Diamond", "diamond\Diamond.csproj", "{93092B18-7447-4F06-AD46-FC7B39EC9E89}"
EndProject
Project("{9A19103F-16F7-4668-BE54-9A1E7A4F7556}") = "DifferenceOfSquares", "difference-of-squares\DifferenceOfSquares.csproj", "{07DA1459-6101-43E1-A1AF-48ABD8D62ADD}"
EndProject
Project("{9A19103F-16F7-4668-BE54-9A1E7A4F7556}") = "DiffieHellman", "diffie-hellman\DiffieHellman.csproj", "{58000112-543C-401E-9D1C-EBABC5A67A14}"
EndProject
Project("{9A19103F-16F7-4668-BE54-9A1E7A4F7556}") = "Dominoes", "dominoes\Dominoes.csproj", "{99CCDA48-1CA3-46B9-89B8-0B45106304FC}"
EndProject
Project("{9A19103F-16F7-4668-BE54-9A1E7A4F7556}") = "DotDsl", "dot-dsl\DotDsl.csproj", "{45A818E0-8CDF-44A5-B948-63D8DEB9982E}"
EndProject
Project("{9A19103F-16F7-4668-BE54-9A1E7A4F7556}") = "ErrorHandling", "error-handling\ErrorHandling.csproj", "{B341FE12-9233-4E34-8C1C-4E62AC2F8AE1}"
EndProject
Project("{9A19103F-16F7-4668-BE54-9A1E7A4F7556}") = "Etl", "etl\Etl.csproj", "{B7E811DB-8575-4C77-9AF9-49DA840557C2}"
EndProject
Project("{9A19103F-16F7-4668-BE54-9A1E7A4F7556}") = "FlattenArray", "flatten-array\FlattenArray.csproj", "{FD52020A-6F1E-42FA-81CE-1F6A8E7C9737}"
EndProject
Project("{9A19103F-16F7-4668-BE54-9A1E7A4F7556}") = "FoodChain", "food-chain\FoodChain.csproj", "{FED33EF6-AC47-4E9A-B615-66B16B846E94}"
EndProject
Project("{9A19103F-16F7-4668-BE54-9A1E7A4F7556}") = "Forth", "forth\Forth.csproj", "{ACB24C7C-C92D-43F9-B1B1-9444696DAD36}"
EndProject
Project("{9A19103F-16F7-4668-BE54-9A1E7A4F7556}") = "Gigasecond", "gigasecond\Gigasecond.csproj", "{2C8C5AE3-D04F-48F4-8AF5-D7535277B7A0}"
EndProject
Project("{9A19103F-16F7-4668-BE54-9A1E7A4F7556}") = "GoCounting", "go-counting\GoCounting.csproj", "{A5417213-F20A-4C06-9D8B-8688B0C4EE61}"
EndProject
Project("{9A19103F-16F7-4668-BE54-9A1E7A4F7556}") = "GradeSchool", "grade-school\GradeSchool.csproj", "{A03A743F-C645-45CB-80A0-BE10D2FC1A13}"
EndProject
Project("{9A19103F-16F7-4668-BE54-9A1E7A4F7556}") = "Grains", "grains\Grains.csproj", "{29C6234D-5562-4495-A014-92388EE4518E}"
EndProject
Project("{9A19103F-16F7-4668-BE54-9A1E7A4F7556}") = "Grep", "grep\Grep.csproj", "{4427F391-652B-4804-BED4-7CD0D218FE28}"
EndProject
Project("{9A19103F-16F7-4668-BE54-9A1E7A4F7556}") = "Hamming", "hamming\Hamming.csproj", "{61BAD6B6-3A48-4E9B-8333-F1884F68A0A5}"
EndProject
Project("{9A19103F-16F7-4668-BE54-9A1E7A4F7556}") = "Hangman", "hangman\Hangman.csproj", "{DE23A75D-E816-4988-BB2C-7EBEB5BEB6F1}"
EndProject
Project("{9A19103F-16F7-4668-BE54-9A1E7A4F7556}") = "HelloWorld", "hello-world\HelloWorld.csproj", "{0CC90F16-9B6C-4C87-A49B-600DB3DF0D2A}"
EndProject
Project("{9A19103F-16F7-4668-BE54-9A1E7A4F7556}") = "House", "house\House.csproj", "{4D68748B-6DEF-4E05-830C-43AF09B2CE8A}"
EndProject
Project("{9A19103F-16F7-4668-BE54-9A1E7A4F7556}") = "Isogram", "isogram\Isogram.csproj", "{91CF9FC4-105B-4E21-8692-1D5E539E42E9}"
EndProject
Project("{9A19103F-16F7-4668-BE54-9A1E7A4F7556}") = "KindergartenGarden", "kindergarten-garden\KindergartenGarden.csproj", "{D504C93E-AE1A-4852-9727-6E565632D38E}"
EndProject
Project("{9A19103F-16F7-4668-BE54-9A1E7A4F7556}") = "LargestSeriesProduct", "largest-series-product\LargestSeriesProduct.csproj", "{1632128F-A60B-49B8-A5DB-05F3F1A3B84C}"
EndProject
Project("{9A19103F-16F7-4668-BE54-9A1E7A4F7556}") = "Leap", "leap\Leap.csproj", "{8CA92DF0-3C60-4F23-9890-806744E1F514}"
EndProject
Project("{9A19103F-16F7-4668-BE54-9A1E7A4F7556}") = "Ledger", "ledger\Ledger.csproj", "{507ED1D4-F905-4AAD-897D-AD403FA56663}"
EndProject
Project("{9A19103F-16F7-4668-BE54-9A1E7A4F7556}") = "LinkedList", "linked-list\LinkedList.csproj", "{C9ADF8BA-8239-4514-8906-A8E09A1A874C}"
EndProject
Project("{9A19103F-16F7-4668-BE54-9A1E7A4F7556}") = "ListOps", "list-ops\ListOps.csproj", "{7370EDAC-0F7C-4008-A8C6-8C6240EE518E}"
EndProject
Project("{9A19103F-16F7-4668-BE54-9A1E7A4F7556}") = "Luhn", "luhn\Luhn.csproj", "{6B934B23-6A75-42FC-9B6C-B3F4CFA6673F}"
EndProject
Project("{9A19103F-16F7-4668-BE54-9A1E7A4F7556}") = "Markdown", "markdown\Markdown.csproj", "{AFA39C3B-C0A0-445C-8129-4DFD3009B56E}"
EndProject
Project("{9A19103F-16F7-4668-BE54-9A1E7A4F7556}") = "Matrix", "matrix\Matrix.csproj", "{BCC05EA8-DB49-4684-9888-1B8688BE3FA6}"
EndProject
Project("{9A19103F-16F7-4668-BE54-9A1E7A4F7556}") = "Meetup", "meetup\Meetup.csproj", "{87FCABD0-2762-464E-9489-415E95D12427}"
EndProject
Project("{9A19103F-16F7-4668-BE54-9A1E7A4F7556}") = "Minesweeper", "minesweeper\Minesweeper.csproj", "{C84E079F-9790-425A-9C86-C69122811E6F}"
EndProject
Project("{9A19103F-16F7-4668-BE54-9A1E7A4F7556}") = "NthPrime", "nth-prime\NthPrime.csproj", "{F437861F-4FF8-418E-B205-FB04D23E0312}"
EndProject
Project("{9A19103F-16F7-4668-BE54-9A1E7A4F7556}") = "NucleotideCount", "nucleotide-count\NucleotideCount.csproj", "{6A9E4125-03D1-4DAF-8333-336C49360621}"
EndProject
Project("{9A19103F-16F7-4668-BE54-9A1E7A4F7556}") = "OcrNumbers", "ocr-numbers\OcrNumbers.csproj", "{1BA7884A-3D6F-4479-A0F9-44385662FE24}"
EndProject
Project("{9A19103F-16F7-4668-BE54-9A1E7A4F7556}") = "PalindromeProducts", "palindrome-products\PalindromeProducts.csproj", "{FBE7E7D4-EBF1-4B0C-B63E-540DA1C9CEAA}"
EndProject
Project("{9A19103F-16F7-4668-BE54-9A1E7A4F7556}") = "Pangram", "pangram\Pangram.csproj", "{7E047279-FD70-440F-8FB9-B47E88747EF4}"
EndProject
Project("{9A19103F-16F7-4668-BE54-9A1E7A4F7556}") = "ParallelLetterFrequency", "parallel-letter-frequency\ParallelLetterFrequency.csproj", "{A60E1C9A-6E52-42F7-ACA2-BB58DA64361E}"
EndProject
Project("{9A19103F-16F7-4668-BE54-9A1E7A4F7556}") = "PascalsTriangle", "pascals-triangle\PascalsTriangle.csproj", "{427A9EFA-5E06-4176-A287-0DC0E0CD3E86}"
EndProject
Project("{9A19103F-16F7-4668-BE54-9A1E7A4F7556}") = "PerfectNumbers", "perfect-numbers\PerfectNumbers.csproj", "{4B864ACE-495C-46FB-870F-4D794C02C8F9}"
EndProject
Project("{9A19103F-16F7-4668-BE54-9A1E7A4F7556}") = "PhoneNumber", "phone-number\PhoneNumber.csproj", "{17419CBD-2AC6-479F-ACA7-D478F9FBF397}"
EndProject
Project("{9A19103F-16F7-4668-BE54-9A1E7A4F7556}") = "PigLatin", "pig-latin\PigLatin.csproj", "{03856292-CE47-45EE-91D4-6ACF27E1925F}"
EndProject
Project("{9A19103F-16F7-4668-BE54-9A1E7A4F7556}") = "Poker", "poker\Poker.csproj", "{762A1A84-4B1E-49A1-BC58-4988BB489F7C}"
EndProject
Project("{9A19103F-16F7-4668-BE54-9A1E7A4F7556}") = "Pov", "pov\Pov.csproj", "{3B42D204-BFB1-456F-B5F5-9421EECE465A}"
EndProject
Project("{9A19103F-16F7-4668-BE54-9A1E7A4F7556}") = "PrimeFactors", "prime-factors\PrimeFactors.csproj", "{F8BC96E4-15E2-4F64-9D25-E167EC207404}"
EndProject
Project("{9A19103F-16F7-4668-BE54-9A1E7A4F7556}") = "ProteinTranslation", "protein-translation\ProteinTranslation.csproj", "{A2EB7FD7-7660-4297-B431-9833CB65A848}"
EndProject
Project("{9A19103F-16F7-4668-BE54-9A1E7A4F7556}") = "Proverb", "proverb\Proverb.csproj", "{086D5907-AAF8-4488-A2AD-4A3430D74FAB}"
EndProject
Project("{9A19103F-16F7-4668-BE54-9A1E7A4F7556}") = "PythagoreanTriplet", "pythagorean-triplet\PythagoreanTriplet.csproj", "{6ACF8F5B-B1E1-439B-AFFF-42D6B143760E}"
EndProject
Project("{9A19103F-16F7-4668-BE54-9A1E7A4F7556}") = "QueenAttack", "queen-attack\QueenAttack.csproj", "{50FB388F-6D68-400C-A919-0414B87466A7}"
EndProject
Project("{9A19103F-16F7-4668-BE54-9A1E7A4F7556}") = "RailFenceCipher", "rail-fence-cipher\RailFenceCipher.csproj", "{F1957BE5-4CA4-494B-A62B-AA4F5E4D460A}"
EndProject
Project("{9A19103F-16F7-4668-BE54-9A1E7A4F7556}") = "Raindrops", "raindrops\Raindrops.csproj", "{F2077E7E-7305-4FC7-8D67-D90037B3F370}"
EndProject
Project("{9A19103F-16F7-4668-BE54-9A1E7A4F7556}") = "React", "react\React.csproj", "{3A3D27B8-10FE-4E72-A3CE-183EBC11503B}"
EndProject
Project("{9A19103F-16F7-4668-BE54-9A1E7A4F7556}") = "Rectangles", "rectangles\Rectangles.csproj", "{A8777E05-E344-4673-915B-E9224002C423}"
EndProject
Project("{9A19103F-16F7-4668-BE54-9A1E7A4F7556}") = "RnaTranscription", "rna-transcription\RnaTranscription.csproj", "{05B08A0C-5BCA-4FF6-9C42-9DFF5E7DCDEA}"
EndProject
Project("{9A19103F-16F7-4668-BE54-9A1E7A4F7556}") = "RobotName", "robot-name\RobotName.csproj", "{C9CFE66E-6921-4CCE-83A7-D5B54812122F}"
EndProject
Project("{9A19103F-16F7-4668-BE54-9A1E7A4F7556}") = "RobotSimulator", "robot-simulator\RobotSimulator.csproj", "{A0FD4472-99E5-4FBC-A6A7-20786EA167DF}"
EndProject
Project("{9A19103F-16F7-4668-BE54-9A1E7A4F7556}") = "RomanNumerals", "roman-numerals\RomanNumerals.csproj", "{86272012-C994-41F7-BFAF-4BED50797B22}"
EndProject
Project("{9A19103F-16F7-4668-BE54-9A1E7A4F7556}") = "RunLengthEncoding", "run-length-encoding\RunLengthEncoding.csproj", "{94B89563-1E74-42F9-96A5-19CD800AFECB}"
EndProject
Project("{9A19103F-16F7-4668-BE54-9A1E7A4F7556}") = "SaddlePoints", "saddle-points\SaddlePoints.csproj", "{E5D2964E-CFE9-4DE6-99B5-1F54F9984F65}"
EndProject
Project("{9A19103F-16F7-4668-BE54-9A1E7A4F7556}") = "Say", "say\Say.csproj", "{C92F8E81-6FB1-46FF-9B68-2D126F8903E6}"
EndProject
Project("{9A19103F-16F7-4668-BE54-9A1E7A4F7556}") = "ScaleGenerator", "scale-generator\ScaleGenerator.csproj", "{B9207BE6-2577-4C49-AF5F-130A17BBEA73}"
EndProject
Project("{9A19103F-16F7-4668-BE54-9A1E7A4F7556}") = "ScrabbleScore", "scrabble-score\ScrabbleScore.csproj", "{40C19FFA-E1E1-4589-86E4-B7BEF336CE79}"
EndProject
Project("{9A19103F-16F7-4668-BE54-9A1E7A4F7556}") = "SecretHandshake", "secret-handshake\SecretHandshake.csproj", "{64324C38-03F7-4624-8F00-B85183DDBF99}"
EndProject
Project("{9A19103F-16F7-4668-BE54-9A1E7A4F7556}") = "Series", "series\Series.csproj", "{14C24193-D5E0-4D29-B270-C27B43CC1925}"
EndProject
Project("{9A19103F-16F7-4668-BE54-9A1E7A4F7556}") = "SgfParsing", "sgf-parsing\SgfParsing.csproj", "{B25208A4-3C80-411E-A36A-7BC4AA506DC7}"
EndProject
Project("{9A19103F-16F7-4668-BE54-9A1E7A4F7556}") = "Sieve", "sieve\Sieve.csproj", "{2A56B16C-3980-4380-84E8-B20DEEEFB5D6}"
EndProject
Project("{9A19103F-16F7-4668-BE54-9A1E7A4F7556}") = "SimpleCipher", "simple-cipher\SimpleCipher.csproj", "{269971FF-B748-4B95-8507-534C229A60B9}"
EndProject
Project("{9A19103F-16F7-4668-BE54-9A1E7A4F7556}") = "SimpleLinkedList", "simple-linked-list\SimpleLinkedList.csproj", "{F6244150-1AD9-470E-B0F0-72389B10639E}"
EndProject
Project("{9A19103F-16F7-4668-BE54-9A1E7A4F7556}") = "SpaceAge", "space-age\SpaceAge.csproj", "{D1102F23-265A-4CA8-975C-75564DFFAA04}"
EndProject
Project("{9A19103F-16F7-4668-BE54-9A1E7A4F7556}") = "Strain", "strain\Strain.csproj", "{F4C5ECB6-2C17-4BC9-BF8F-BA9117BD2843}"
EndProject
Project("{9A19103F-16F7-4668-BE54-9A1E7A4F7556}") = "Sublist", "sublist\Sublist.csproj", "{B9C4BF5F-2D56-4B06-A1EE-1E1CC642D14B}"
EndProject
Project("{9A19103F-16F7-4668-BE54-9A1E7A4F7556}") = "SumOfMultiples", "sum-of-multiples\SumOfMultiples.csproj", "{6CE987BF-9677-476C-8BB9-1BE7CC16F932}"
EndProject
Project("{9A19103F-16F7-4668-BE54-9A1E7A4F7556}") = "Tournament", "tournament\Tournament.csproj", "{BD63E691-0A53-46CE-B687-E3CD95F1D4B1}"
EndProject
Project("{9A19103F-16F7-4668-BE54-9A1E7A4F7556}") = "Transpose", "transpose\Transpose.csproj", "{FCF9AB0E-4310-4BCB-8682-833450658B97}"
EndProject
Project("{9A19103F-16F7-4668-BE54-9A1E7A4F7556}") = "TreeBuilding", "tree-building\TreeBuilding.csproj", "{607AB17F-1305-4002-A980-DB60699688F1}"
EndProject
Project("{9A19103F-16F7-4668-BE54-9A1E7A4F7556}") = "Triangle", "triangle\Triangle.csproj", "{128B3A5D-E28C-4C7F-8B16-3202D0F73A00}"
EndProject
Project("{9A19103F-16F7-4668-BE54-9A1E7A4F7556}") = "TwelveDays", "twelve-days\TwelveDays.csproj", "{B98F63AB-F0C8-4594-98BD-0BBBAEA4C4E9}"
EndProject
Project("{9A19103F-16F7-4668-BE54-9A1E7A4F7556}") = "TwoBucket", "two-bucket\TwoBucket.csproj", "{62EBA4E5-BD13-4F7C-85E6-65D633B3FB6C}"
EndProject
Project("{9A19103F-16F7-4668-BE54-9A1E7A4F7556}") = "VariableLengthQuantity", "variable-length-quantity\VariableLengthQuantity.csproj", "{DFE95B37-24F5-417A-8C3F-788255CE8A04}"
EndProject
Project("{9A19103F-16F7-4668-BE54-9A1E7A4F7556}") = "WordCount", "word-count\WordCount.csproj", "{77E253C3-5FCE-45A4-B285-BE24945E0D70}"
EndProject
Project("{9A19103F-16F7-4668-BE54-9A1E7A4F7556}") = "WordSearch", "word-search\WordSearch.csproj", "{32ECF281-6D99-42D4-AD00-C8B56A8270F8}"
EndProject
Project("{9A19103F-16F7-4668-BE54-9A1E7A4F7556}") = "Wordy", "wordy\Wordy.csproj", "{2EBD1C45-9D80-413A-9BE8-4ECB43C06843}"
EndProject
Project("{9A19103F-16F7-4668-BE54-9A1E7A4F7556}") = "ZebraPuzzle", "zebra-puzzle\ZebraPuzzle.csproj", "{79198D56-C3F2-49D6-B8BF-5BB674B6F7A2}"
EndProject
Project("{9A19103F-16F7-4668-BE54-9A1E7A4F7556}") = "Zipper", "zipper\Zipper.csproj", "{83504141-FF2A-427E-8A51-9FA0E9037A78}"
EndProject
Project("{9A19103F-16F7-4668-BE54-9A1E7A4F7556}") = "RotationalCipher", "rotational-cipher\RotationalCipher.csproj", "{DF67FD2D-4897-43C5-A93E-7CCADBB29E75}"
EndProject
Project("{9A19103F-16F7-4668-BE54-9A1E7A4F7556}") = "TwoFer", "two-fer\TwoFer.csproj", "{4B862F51-054D-467F-971D-8A7B72F5B498}"
EndProject
Project("{9A19103F-16F7-4668-BE54-9A1E7A4F7556}") = "SpiralMatrix", "spiral-matrix\SpiralMatrix.csproj", "{05EF2C70-B5B0-4351-B940-041A03A6BB84}"
EndProject
Project("{9A19103F-16F7-4668-BE54-9A1E7A4F7556}") = "CollatzConjecture", "collatz-conjecture\CollatzConjecture.csproj", "{18BC2EE7-E798-40DE-A346-0B803137E67D}"
EndProject
Project("{9A19103F-16F7-4668-BE54-9A1E7A4F7556}") = "ComplexNumbers", "complex-numbers\ComplexNumbers.csproj", "{D0399EAC-5563-4234-9828-0C607BAF7623}"
EndProject
Project("{9A19103F-16F7-4668-BE54-9A1E7A4F7556}") = "IsbnVerifier", "isbn-verifier\IsbnVerifier.csproj", "{72432190-8D4D-4E64-B622-F83BE80A3CBB}"
EndProject
Project("{9A19103F-16F7-4668-BE54-9A1E7A4F7556}") = "ReverseString", "reverse-string\ReverseString.csproj", "{D2105979-EE3B-432B-8016-172BA949DE2F}"
EndProject
Project("{9A19103F-16F7-4668-BE54-9A1E7A4F7556}") = "ArmstrongNumbers", "armstrong-numbers\ArmstrongNumbers.csproj", "{7015C2C4-4050-4631-9394-7EAF19AB0191}"
EndProject
Project("{9A19103F-16F7-4668-BE54-9A1E7A4F7556}") = "Yacht", "yacht\Yacht.csproj", "{C029D4C6-3A10-459E-96D7-3E77170A5A10}"
EndProject
Project("{9A19103F-16F7-4668-BE54-9A1E7A4F7556}") = "RationalNumbers", "rational-numbers\RationalNumbers.csproj", "{0CBB430D-BF64-436F-93BE-8E8088DBCBFE}"
EndProject
Project("{9A19103F-16F7-4668-BE54-9A1E7A4F7556}") = "AffineCipher", "affine-cipher\AffineCipher.csproj", "{758DDF02-FFE7-4A4A-BD7C-0B189F3257C9}"
EndProject
Project("{9A19103F-16F7-4668-BE54-9A1E7A4F7556}") = "RestApi", "rest-api\RestApi.csproj", "{DFF04F1E-2963-4A88-AF92-D14AD48617F2}"
EndProject
Project("{9A19103F-16F7-4668-BE54-9A1E7A4F7556}") = "Darts", "darts\Darts.csproj", "{202E2755-AB2F-4EA5-94D0-574487079CFF}"
EndProject
Project("{FAE04EC0-301F-11D3-BF4B-00C04F79EFBC}") = "HighScores", "high-scores\HighScores.csproj", "{B287CA86-D25C-40B0-98B9-855064F99EE3}"
EndProject
Project("{FAE04EC0-301F-11D3-BF4B-00C04F79EFBC}") = "DndCharacter", "dnd-character\DndCharacter.csproj", "{91499710-DC6A-4494-9661-9D374829E975}"
EndProject
Project("{FAE04EC0-301F-11D3-BF4B-00C04F79EFBC}") = "ResistorColor", "resistor-color\ResistorColor.csproj", "{3E499D5B-C5A9-4BCD-BF35-46D590EC06AD}"
EndProject
Global
	GlobalSection(SolutionConfigurationPlatforms) = preSolution
		Debug|Any CPU = Debug|Any CPU
		Release|Any CPU = Release|Any CPU
	EndGlobalSection
	GlobalSection(ProjectConfigurationPlatforms) = postSolution
		{F16C0EE1-6923-4328-B015-363CF24FF867}.Debug|Any CPU.ActiveCfg = Debug|Any CPU
		{F16C0EE1-6923-4328-B015-363CF24FF867}.Debug|Any CPU.Build.0 = Debug|Any CPU
		{F16C0EE1-6923-4328-B015-363CF24FF867}.Release|Any CPU.ActiveCfg = Release|Any CPU
		{F16C0EE1-6923-4328-B015-363CF24FF867}.Release|Any CPU.Build.0 = Release|Any CPU
		{0B8FF29D-6707-4112-8398-6F383A31524D}.Debug|Any CPU.ActiveCfg = Debug|Any CPU
		{0B8FF29D-6707-4112-8398-6F383A31524D}.Debug|Any CPU.Build.0 = Debug|Any CPU
		{0B8FF29D-6707-4112-8398-6F383A31524D}.Release|Any CPU.ActiveCfg = Release|Any CPU
		{0B8FF29D-6707-4112-8398-6F383A31524D}.Release|Any CPU.Build.0 = Release|Any CPU
		{CFA7CC8D-C585-4AE6-BAD0-840D3DC62A43}.Debug|Any CPU.ActiveCfg = Debug|Any CPU
		{CFA7CC8D-C585-4AE6-BAD0-840D3DC62A43}.Debug|Any CPU.Build.0 = Debug|Any CPU
		{CFA7CC8D-C585-4AE6-BAD0-840D3DC62A43}.Release|Any CPU.ActiveCfg = Release|Any CPU
		{CFA7CC8D-C585-4AE6-BAD0-840D3DC62A43}.Release|Any CPU.Build.0 = Release|Any CPU
		{C9372234-0F42-4E0E-BD55-EAC351D9256C}.Debug|Any CPU.ActiveCfg = Debug|Any CPU
		{C9372234-0F42-4E0E-BD55-EAC351D9256C}.Debug|Any CPU.Build.0 = Debug|Any CPU
		{C9372234-0F42-4E0E-BD55-EAC351D9256C}.Release|Any CPU.ActiveCfg = Release|Any CPU
		{C9372234-0F42-4E0E-BD55-EAC351D9256C}.Release|Any CPU.Build.0 = Release|Any CPU
		{BA7E7612-8AE8-4246-8E09-190445DF9900}.Debug|Any CPU.ActiveCfg = Debug|Any CPU
		{BA7E7612-8AE8-4246-8E09-190445DF9900}.Debug|Any CPU.Build.0 = Debug|Any CPU
		{BA7E7612-8AE8-4246-8E09-190445DF9900}.Release|Any CPU.ActiveCfg = Release|Any CPU
		{BA7E7612-8AE8-4246-8E09-190445DF9900}.Release|Any CPU.Build.0 = Release|Any CPU
		{815C764D-CC32-4BD9-8F32-78A2D030C71E}.Debug|Any CPU.ActiveCfg = Debug|Any CPU
		{815C764D-CC32-4BD9-8F32-78A2D030C71E}.Debug|Any CPU.Build.0 = Debug|Any CPU
		{815C764D-CC32-4BD9-8F32-78A2D030C71E}.Release|Any CPU.ActiveCfg = Release|Any CPU
		{815C764D-CC32-4BD9-8F32-78A2D030C71E}.Release|Any CPU.Build.0 = Release|Any CPU
		{4CEF0893-7AE3-455E-98C1-89BB822AC1C2}.Debug|Any CPU.ActiveCfg = Debug|Any CPU
		{4CEF0893-7AE3-455E-98C1-89BB822AC1C2}.Debug|Any CPU.Build.0 = Debug|Any CPU
		{4CEF0893-7AE3-455E-98C1-89BB822AC1C2}.Release|Any CPU.ActiveCfg = Release|Any CPU
		{4CEF0893-7AE3-455E-98C1-89BB822AC1C2}.Release|Any CPU.Build.0 = Release|Any CPU
		{12BF4BEE-261C-42B8-B2DC-D80262744AC2}.Debug|Any CPU.ActiveCfg = Debug|Any CPU
		{12BF4BEE-261C-42B8-B2DC-D80262744AC2}.Debug|Any CPU.Build.0 = Debug|Any CPU
		{12BF4BEE-261C-42B8-B2DC-D80262744AC2}.Release|Any CPU.ActiveCfg = Release|Any CPU
		{12BF4BEE-261C-42B8-B2DC-D80262744AC2}.Release|Any CPU.Build.0 = Release|Any CPU
		{BE87F8A4-E216-40A7-86CF-153A15BAFEF8}.Debug|Any CPU.ActiveCfg = Debug|Any CPU
		{BE87F8A4-E216-40A7-86CF-153A15BAFEF8}.Debug|Any CPU.Build.0 = Debug|Any CPU
		{BE87F8A4-E216-40A7-86CF-153A15BAFEF8}.Release|Any CPU.ActiveCfg = Release|Any CPU
		{BE87F8A4-E216-40A7-86CF-153A15BAFEF8}.Release|Any CPU.Build.0 = Release|Any CPU
		{1F8B6B66-7A58-4F84-9D3A-FB454D2CC3E2}.Debug|Any CPU.ActiveCfg = Debug|Any CPU
		{1F8B6B66-7A58-4F84-9D3A-FB454D2CC3E2}.Debug|Any CPU.Build.0 = Debug|Any CPU
		{1F8B6B66-7A58-4F84-9D3A-FB454D2CC3E2}.Release|Any CPU.ActiveCfg = Release|Any CPU
		{1F8B6B66-7A58-4F84-9D3A-FB454D2CC3E2}.Release|Any CPU.Build.0 = Release|Any CPU
		{6FBC562A-7721-4846-81B6-D79D5AF576C5}.Debug|Any CPU.ActiveCfg = Debug|Any CPU
		{6FBC562A-7721-4846-81B6-D79D5AF576C5}.Debug|Any CPU.Build.0 = Debug|Any CPU
		{6FBC562A-7721-4846-81B6-D79D5AF576C5}.Release|Any CPU.ActiveCfg = Release|Any CPU
		{6FBC562A-7721-4846-81B6-D79D5AF576C5}.Release|Any CPU.Build.0 = Release|Any CPU
		{C8D01AEE-9AD9-4134-9721-3442C59702B2}.Debug|Any CPU.ActiveCfg = Debug|Any CPU
		{C8D01AEE-9AD9-4134-9721-3442C59702B2}.Debug|Any CPU.Build.0 = Debug|Any CPU
		{C8D01AEE-9AD9-4134-9721-3442C59702B2}.Release|Any CPU.ActiveCfg = Release|Any CPU
		{C8D01AEE-9AD9-4134-9721-3442C59702B2}.Release|Any CPU.Build.0 = Release|Any CPU
		{F9175D9F-7602-4BE1-B565-EA723D0CDF0A}.Debug|Any CPU.ActiveCfg = Debug|Any CPU
		{F9175D9F-7602-4BE1-B565-EA723D0CDF0A}.Debug|Any CPU.Build.0 = Debug|Any CPU
		{F9175D9F-7602-4BE1-B565-EA723D0CDF0A}.Release|Any CPU.ActiveCfg = Release|Any CPU
		{F9175D9F-7602-4BE1-B565-EA723D0CDF0A}.Release|Any CPU.Build.0 = Release|Any CPU
		{CE0CA302-A594-422D-A215-E78F2F3AF0CE}.Debug|Any CPU.ActiveCfg = Debug|Any CPU
		{CE0CA302-A594-422D-A215-E78F2F3AF0CE}.Debug|Any CPU.Build.0 = Debug|Any CPU
		{CE0CA302-A594-422D-A215-E78F2F3AF0CE}.Release|Any CPU.ActiveCfg = Release|Any CPU
		{CE0CA302-A594-422D-A215-E78F2F3AF0CE}.Release|Any CPU.Build.0 = Release|Any CPU
		{A9584773-6FD0-42CB-B94E-A61125C5C1E7}.Debug|Any CPU.ActiveCfg = Debug|Any CPU
		{A9584773-6FD0-42CB-B94E-A61125C5C1E7}.Debug|Any CPU.Build.0 = Debug|Any CPU
		{A9584773-6FD0-42CB-B94E-A61125C5C1E7}.Release|Any CPU.ActiveCfg = Release|Any CPU
		{A9584773-6FD0-42CB-B94E-A61125C5C1E7}.Release|Any CPU.Build.0 = Release|Any CPU
		{31595C04-4C0E-4A72-90A1-054EE5C47BFC}.Debug|Any CPU.ActiveCfg = Debug|Any CPU
		{31595C04-4C0E-4A72-90A1-054EE5C47BFC}.Debug|Any CPU.Build.0 = Debug|Any CPU
		{31595C04-4C0E-4A72-90A1-054EE5C47BFC}.Release|Any CPU.ActiveCfg = Release|Any CPU
		{31595C04-4C0E-4A72-90A1-054EE5C47BFC}.Release|Any CPU.Build.0 = Release|Any CPU
		{A3016178-CED9-4DDD-8FF4-03C420AD77B9}.Debug|Any CPU.ActiveCfg = Debug|Any CPU
		{A3016178-CED9-4DDD-8FF4-03C420AD77B9}.Debug|Any CPU.Build.0 = Debug|Any CPU
		{A3016178-CED9-4DDD-8FF4-03C420AD77B9}.Release|Any CPU.ActiveCfg = Release|Any CPU
		{A3016178-CED9-4DDD-8FF4-03C420AD77B9}.Release|Any CPU.Build.0 = Release|Any CPU
		{D498F024-BA85-4543-88F9-1DCF239470C7}.Debug|Any CPU.ActiveCfg = Debug|Any CPU
		{D498F024-BA85-4543-88F9-1DCF239470C7}.Debug|Any CPU.Build.0 = Debug|Any CPU
		{D498F024-BA85-4543-88F9-1DCF239470C7}.Release|Any CPU.ActiveCfg = Release|Any CPU
		{D498F024-BA85-4543-88F9-1DCF239470C7}.Release|Any CPU.Build.0 = Release|Any CPU
		{2C9B22CE-770A-400B-BD9B-287030CF12BB}.Debug|Any CPU.ActiveCfg = Debug|Any CPU
		{2C9B22CE-770A-400B-BD9B-287030CF12BB}.Debug|Any CPU.Build.0 = Debug|Any CPU
		{2C9B22CE-770A-400B-BD9B-287030CF12BB}.Release|Any CPU.ActiveCfg = Release|Any CPU
		{2C9B22CE-770A-400B-BD9B-287030CF12BB}.Release|Any CPU.Build.0 = Release|Any CPU
		{A6151CB7-713E-43B0-A403-9C73F9936D4B}.Debug|Any CPU.ActiveCfg = Debug|Any CPU
		{A6151CB7-713E-43B0-A403-9C73F9936D4B}.Debug|Any CPU.Build.0 = Debug|Any CPU
		{A6151CB7-713E-43B0-A403-9C73F9936D4B}.Release|Any CPU.ActiveCfg = Release|Any CPU
		{A6151CB7-713E-43B0-A403-9C73F9936D4B}.Release|Any CPU.Build.0 = Release|Any CPU
		{3ED88500-2825-4F24-81E6-C816FF89A5B5}.Debug|Any CPU.ActiveCfg = Debug|Any CPU
		{3ED88500-2825-4F24-81E6-C816FF89A5B5}.Debug|Any CPU.Build.0 = Debug|Any CPU
		{3ED88500-2825-4F24-81E6-C816FF89A5B5}.Release|Any CPU.ActiveCfg = Release|Any CPU
		{3ED88500-2825-4F24-81E6-C816FF89A5B5}.Release|Any CPU.Build.0 = Release|Any CPU
		{93092B18-7447-4F06-AD46-FC7B39EC9E89}.Debug|Any CPU.ActiveCfg = Debug|Any CPU
		{93092B18-7447-4F06-AD46-FC7B39EC9E89}.Debug|Any CPU.Build.0 = Debug|Any CPU
		{93092B18-7447-4F06-AD46-FC7B39EC9E89}.Release|Any CPU.ActiveCfg = Release|Any CPU
		{93092B18-7447-4F06-AD46-FC7B39EC9E89}.Release|Any CPU.Build.0 = Release|Any CPU
		{07DA1459-6101-43E1-A1AF-48ABD8D62ADD}.Debug|Any CPU.ActiveCfg = Debug|Any CPU
		{07DA1459-6101-43E1-A1AF-48ABD8D62ADD}.Debug|Any CPU.Build.0 = Debug|Any CPU
		{07DA1459-6101-43E1-A1AF-48ABD8D62ADD}.Release|Any CPU.ActiveCfg = Release|Any CPU
		{07DA1459-6101-43E1-A1AF-48ABD8D62ADD}.Release|Any CPU.Build.0 = Release|Any CPU
		{58000112-543C-401E-9D1C-EBABC5A67A14}.Debug|Any CPU.ActiveCfg = Debug|Any CPU
		{58000112-543C-401E-9D1C-EBABC5A67A14}.Debug|Any CPU.Build.0 = Debug|Any CPU
		{58000112-543C-401E-9D1C-EBABC5A67A14}.Release|Any CPU.ActiveCfg = Release|Any CPU
		{58000112-543C-401E-9D1C-EBABC5A67A14}.Release|Any CPU.Build.0 = Release|Any CPU
		{99CCDA48-1CA3-46B9-89B8-0B45106304FC}.Debug|Any CPU.ActiveCfg = Debug|Any CPU
		{99CCDA48-1CA3-46B9-89B8-0B45106304FC}.Debug|Any CPU.Build.0 = Debug|Any CPU
		{99CCDA48-1CA3-46B9-89B8-0B45106304FC}.Release|Any CPU.ActiveCfg = Release|Any CPU
		{99CCDA48-1CA3-46B9-89B8-0B45106304FC}.Release|Any CPU.Build.0 = Release|Any CPU
		{45A818E0-8CDF-44A5-B948-63D8DEB9982E}.Debug|Any CPU.ActiveCfg = Debug|Any CPU
		{45A818E0-8CDF-44A5-B948-63D8DEB9982E}.Debug|Any CPU.Build.0 = Debug|Any CPU
		{45A818E0-8CDF-44A5-B948-63D8DEB9982E}.Release|Any CPU.ActiveCfg = Release|Any CPU
		{45A818E0-8CDF-44A5-B948-63D8DEB9982E}.Release|Any CPU.Build.0 = Release|Any CPU
		{B341FE12-9233-4E34-8C1C-4E62AC2F8AE1}.Debug|Any CPU.ActiveCfg = Debug|Any CPU
		{B341FE12-9233-4E34-8C1C-4E62AC2F8AE1}.Debug|Any CPU.Build.0 = Debug|Any CPU
		{B341FE12-9233-4E34-8C1C-4E62AC2F8AE1}.Release|Any CPU.ActiveCfg = Release|Any CPU
		{B341FE12-9233-4E34-8C1C-4E62AC2F8AE1}.Release|Any CPU.Build.0 = Release|Any CPU
		{B7E811DB-8575-4C77-9AF9-49DA840557C2}.Debug|Any CPU.ActiveCfg = Debug|Any CPU
		{B7E811DB-8575-4C77-9AF9-49DA840557C2}.Debug|Any CPU.Build.0 = Debug|Any CPU
		{B7E811DB-8575-4C77-9AF9-49DA840557C2}.Release|Any CPU.ActiveCfg = Release|Any CPU
		{B7E811DB-8575-4C77-9AF9-49DA840557C2}.Release|Any CPU.Build.0 = Release|Any CPU
		{FD52020A-6F1E-42FA-81CE-1F6A8E7C9737}.Debug|Any CPU.ActiveCfg = Debug|Any CPU
		{FD52020A-6F1E-42FA-81CE-1F6A8E7C9737}.Debug|Any CPU.Build.0 = Debug|Any CPU
		{FD52020A-6F1E-42FA-81CE-1F6A8E7C9737}.Release|Any CPU.ActiveCfg = Release|Any CPU
		{FD52020A-6F1E-42FA-81CE-1F6A8E7C9737}.Release|Any CPU.Build.0 = Release|Any CPU
		{FED33EF6-AC47-4E9A-B615-66B16B846E94}.Debug|Any CPU.ActiveCfg = Debug|Any CPU
		{FED33EF6-AC47-4E9A-B615-66B16B846E94}.Debug|Any CPU.Build.0 = Debug|Any CPU
		{FED33EF6-AC47-4E9A-B615-66B16B846E94}.Release|Any CPU.ActiveCfg = Release|Any CPU
		{FED33EF6-AC47-4E9A-B615-66B16B846E94}.Release|Any CPU.Build.0 = Release|Any CPU
		{ACB24C7C-C92D-43F9-B1B1-9444696DAD36}.Debug|Any CPU.ActiveCfg = Debug|Any CPU
		{ACB24C7C-C92D-43F9-B1B1-9444696DAD36}.Debug|Any CPU.Build.0 = Debug|Any CPU
		{ACB24C7C-C92D-43F9-B1B1-9444696DAD36}.Release|Any CPU.ActiveCfg = Release|Any CPU
		{ACB24C7C-C92D-43F9-B1B1-9444696DAD36}.Release|Any CPU.Build.0 = Release|Any CPU
		{2C8C5AE3-D04F-48F4-8AF5-D7535277B7A0}.Debug|Any CPU.ActiveCfg = Debug|Any CPU
		{2C8C5AE3-D04F-48F4-8AF5-D7535277B7A0}.Debug|Any CPU.Build.0 = Debug|Any CPU
		{2C8C5AE3-D04F-48F4-8AF5-D7535277B7A0}.Release|Any CPU.ActiveCfg = Release|Any CPU
		{2C8C5AE3-D04F-48F4-8AF5-D7535277B7A0}.Release|Any CPU.Build.0 = Release|Any CPU
		{A5417213-F20A-4C06-9D8B-8688B0C4EE61}.Debug|Any CPU.ActiveCfg = Debug|Any CPU
		{A5417213-F20A-4C06-9D8B-8688B0C4EE61}.Debug|Any CPU.Build.0 = Debug|Any CPU
		{A5417213-F20A-4C06-9D8B-8688B0C4EE61}.Release|Any CPU.ActiveCfg = Release|Any CPU
		{A5417213-F20A-4C06-9D8B-8688B0C4EE61}.Release|Any CPU.Build.0 = Release|Any CPU
		{A03A743F-C645-45CB-80A0-BE10D2FC1A13}.Debug|Any CPU.ActiveCfg = Debug|Any CPU
		{A03A743F-C645-45CB-80A0-BE10D2FC1A13}.Debug|Any CPU.Build.0 = Debug|Any CPU
		{A03A743F-C645-45CB-80A0-BE10D2FC1A13}.Release|Any CPU.ActiveCfg = Release|Any CPU
		{A03A743F-C645-45CB-80A0-BE10D2FC1A13}.Release|Any CPU.Build.0 = Release|Any CPU
		{29C6234D-5562-4495-A014-92388EE4518E}.Debug|Any CPU.ActiveCfg = Debug|Any CPU
		{29C6234D-5562-4495-A014-92388EE4518E}.Debug|Any CPU.Build.0 = Debug|Any CPU
		{29C6234D-5562-4495-A014-92388EE4518E}.Release|Any CPU.ActiveCfg = Release|Any CPU
		{29C6234D-5562-4495-A014-92388EE4518E}.Release|Any CPU.Build.0 = Release|Any CPU
		{4427F391-652B-4804-BED4-7CD0D218FE28}.Debug|Any CPU.ActiveCfg = Debug|Any CPU
		{4427F391-652B-4804-BED4-7CD0D218FE28}.Debug|Any CPU.Build.0 = Debug|Any CPU
		{4427F391-652B-4804-BED4-7CD0D218FE28}.Release|Any CPU.ActiveCfg = Release|Any CPU
		{4427F391-652B-4804-BED4-7CD0D218FE28}.Release|Any CPU.Build.0 = Release|Any CPU
		{61BAD6B6-3A48-4E9B-8333-F1884F68A0A5}.Debug|Any CPU.ActiveCfg = Debug|Any CPU
		{61BAD6B6-3A48-4E9B-8333-F1884F68A0A5}.Debug|Any CPU.Build.0 = Debug|Any CPU
		{61BAD6B6-3A48-4E9B-8333-F1884F68A0A5}.Release|Any CPU.ActiveCfg = Release|Any CPU
		{61BAD6B6-3A48-4E9B-8333-F1884F68A0A5}.Release|Any CPU.Build.0 = Release|Any CPU
		{DE23A75D-E816-4988-BB2C-7EBEB5BEB6F1}.Debug|Any CPU.ActiveCfg = Debug|Any CPU
		{DE23A75D-E816-4988-BB2C-7EBEB5BEB6F1}.Debug|Any CPU.Build.0 = Debug|Any CPU
		{DE23A75D-E816-4988-BB2C-7EBEB5BEB6F1}.Release|Any CPU.ActiveCfg = Release|Any CPU
		{DE23A75D-E816-4988-BB2C-7EBEB5BEB6F1}.Release|Any CPU.Build.0 = Release|Any CPU
		{0CC90F16-9B6C-4C87-A49B-600DB3DF0D2A}.Debug|Any CPU.ActiveCfg = Debug|Any CPU
		{0CC90F16-9B6C-4C87-A49B-600DB3DF0D2A}.Debug|Any CPU.Build.0 = Debug|Any CPU
		{0CC90F16-9B6C-4C87-A49B-600DB3DF0D2A}.Release|Any CPU.ActiveCfg = Release|Any CPU
		{0CC90F16-9B6C-4C87-A49B-600DB3DF0D2A}.Release|Any CPU.Build.0 = Release|Any CPU
		{4D68748B-6DEF-4E05-830C-43AF09B2CE8A}.Debug|Any CPU.ActiveCfg = Debug|Any CPU
		{4D68748B-6DEF-4E05-830C-43AF09B2CE8A}.Debug|Any CPU.Build.0 = Debug|Any CPU
		{4D68748B-6DEF-4E05-830C-43AF09B2CE8A}.Release|Any CPU.ActiveCfg = Release|Any CPU
		{4D68748B-6DEF-4E05-830C-43AF09B2CE8A}.Release|Any CPU.Build.0 = Release|Any CPU
		{91CF9FC4-105B-4E21-8692-1D5E539E42E9}.Debug|Any CPU.ActiveCfg = Debug|Any CPU
		{91CF9FC4-105B-4E21-8692-1D5E539E42E9}.Debug|Any CPU.Build.0 = Debug|Any CPU
		{91CF9FC4-105B-4E21-8692-1D5E539E42E9}.Release|Any CPU.ActiveCfg = Release|Any CPU
		{91CF9FC4-105B-4E21-8692-1D5E539E42E9}.Release|Any CPU.Build.0 = Release|Any CPU
		{D504C93E-AE1A-4852-9727-6E565632D38E}.Debug|Any CPU.ActiveCfg = Debug|Any CPU
		{D504C93E-AE1A-4852-9727-6E565632D38E}.Debug|Any CPU.Build.0 = Debug|Any CPU
		{D504C93E-AE1A-4852-9727-6E565632D38E}.Release|Any CPU.ActiveCfg = Release|Any CPU
		{D504C93E-AE1A-4852-9727-6E565632D38E}.Release|Any CPU.Build.0 = Release|Any CPU
		{1632128F-A60B-49B8-A5DB-05F3F1A3B84C}.Debug|Any CPU.ActiveCfg = Debug|Any CPU
		{1632128F-A60B-49B8-A5DB-05F3F1A3B84C}.Debug|Any CPU.Build.0 = Debug|Any CPU
		{1632128F-A60B-49B8-A5DB-05F3F1A3B84C}.Release|Any CPU.ActiveCfg = Release|Any CPU
		{1632128F-A60B-49B8-A5DB-05F3F1A3B84C}.Release|Any CPU.Build.0 = Release|Any CPU
		{8CA92DF0-3C60-4F23-9890-806744E1F514}.Debug|Any CPU.ActiveCfg = Debug|Any CPU
		{8CA92DF0-3C60-4F23-9890-806744E1F514}.Debug|Any CPU.Build.0 = Debug|Any CPU
		{8CA92DF0-3C60-4F23-9890-806744E1F514}.Release|Any CPU.ActiveCfg = Release|Any CPU
		{8CA92DF0-3C60-4F23-9890-806744E1F514}.Release|Any CPU.Build.0 = Release|Any CPU
		{507ED1D4-F905-4AAD-897D-AD403FA56663}.Debug|Any CPU.ActiveCfg = Debug|Any CPU
		{507ED1D4-F905-4AAD-897D-AD403FA56663}.Debug|Any CPU.Build.0 = Debug|Any CPU
		{507ED1D4-F905-4AAD-897D-AD403FA56663}.Release|Any CPU.ActiveCfg = Release|Any CPU
		{507ED1D4-F905-4AAD-897D-AD403FA56663}.Release|Any CPU.Build.0 = Release|Any CPU
		{C9ADF8BA-8239-4514-8906-A8E09A1A874C}.Debug|Any CPU.ActiveCfg = Debug|Any CPU
		{C9ADF8BA-8239-4514-8906-A8E09A1A874C}.Debug|Any CPU.Build.0 = Debug|Any CPU
		{C9ADF8BA-8239-4514-8906-A8E09A1A874C}.Release|Any CPU.ActiveCfg = Release|Any CPU
		{C9ADF8BA-8239-4514-8906-A8E09A1A874C}.Release|Any CPU.Build.0 = Release|Any CPU
		{7370EDAC-0F7C-4008-A8C6-8C6240EE518E}.Debug|Any CPU.ActiveCfg = Debug|Any CPU
		{7370EDAC-0F7C-4008-A8C6-8C6240EE518E}.Debug|Any CPU.Build.0 = Debug|Any CPU
		{7370EDAC-0F7C-4008-A8C6-8C6240EE518E}.Release|Any CPU.ActiveCfg = Release|Any CPU
		{7370EDAC-0F7C-4008-A8C6-8C6240EE518E}.Release|Any CPU.Build.0 = Release|Any CPU
		{6B934B23-6A75-42FC-9B6C-B3F4CFA6673F}.Debug|Any CPU.ActiveCfg = Debug|Any CPU
		{6B934B23-6A75-42FC-9B6C-B3F4CFA6673F}.Debug|Any CPU.Build.0 = Debug|Any CPU
		{6B934B23-6A75-42FC-9B6C-B3F4CFA6673F}.Release|Any CPU.ActiveCfg = Release|Any CPU
		{6B934B23-6A75-42FC-9B6C-B3F4CFA6673F}.Release|Any CPU.Build.0 = Release|Any CPU
		{AFA39C3B-C0A0-445C-8129-4DFD3009B56E}.Debug|Any CPU.ActiveCfg = Debug|Any CPU
		{AFA39C3B-C0A0-445C-8129-4DFD3009B56E}.Debug|Any CPU.Build.0 = Debug|Any CPU
		{AFA39C3B-C0A0-445C-8129-4DFD3009B56E}.Release|Any CPU.ActiveCfg = Release|Any CPU
		{AFA39C3B-C0A0-445C-8129-4DFD3009B56E}.Release|Any CPU.Build.0 = Release|Any CPU
		{BCC05EA8-DB49-4684-9888-1B8688BE3FA6}.Debug|Any CPU.ActiveCfg = Debug|Any CPU
		{BCC05EA8-DB49-4684-9888-1B8688BE3FA6}.Debug|Any CPU.Build.0 = Debug|Any CPU
		{BCC05EA8-DB49-4684-9888-1B8688BE3FA6}.Release|Any CPU.ActiveCfg = Release|Any CPU
		{BCC05EA8-DB49-4684-9888-1B8688BE3FA6}.Release|Any CPU.Build.0 = Release|Any CPU
		{87FCABD0-2762-464E-9489-415E95D12427}.Debug|Any CPU.ActiveCfg = Debug|Any CPU
		{87FCABD0-2762-464E-9489-415E95D12427}.Debug|Any CPU.Build.0 = Debug|Any CPU
		{87FCABD0-2762-464E-9489-415E95D12427}.Release|Any CPU.ActiveCfg = Release|Any CPU
		{87FCABD0-2762-464E-9489-415E95D12427}.Release|Any CPU.Build.0 = Release|Any CPU
		{C84E079F-9790-425A-9C86-C69122811E6F}.Debug|Any CPU.ActiveCfg = Debug|Any CPU
		{C84E079F-9790-425A-9C86-C69122811E6F}.Debug|Any CPU.Build.0 = Debug|Any CPU
		{C84E079F-9790-425A-9C86-C69122811E6F}.Release|Any CPU.ActiveCfg = Release|Any CPU
		{C84E079F-9790-425A-9C86-C69122811E6F}.Release|Any CPU.Build.0 = Release|Any CPU
		{F437861F-4FF8-418E-B205-FB04D23E0312}.Debug|Any CPU.ActiveCfg = Debug|Any CPU
		{F437861F-4FF8-418E-B205-FB04D23E0312}.Debug|Any CPU.Build.0 = Debug|Any CPU
		{F437861F-4FF8-418E-B205-FB04D23E0312}.Release|Any CPU.ActiveCfg = Release|Any CPU
		{F437861F-4FF8-418E-B205-FB04D23E0312}.Release|Any CPU.Build.0 = Release|Any CPU
		{6A9E4125-03D1-4DAF-8333-336C49360621}.Debug|Any CPU.ActiveCfg = Debug|Any CPU
		{6A9E4125-03D1-4DAF-8333-336C49360621}.Debug|Any CPU.Build.0 = Debug|Any CPU
		{6A9E4125-03D1-4DAF-8333-336C49360621}.Release|Any CPU.ActiveCfg = Release|Any CPU
		{6A9E4125-03D1-4DAF-8333-336C49360621}.Release|Any CPU.Build.0 = Release|Any CPU
		{1BA7884A-3D6F-4479-A0F9-44385662FE24}.Debug|Any CPU.ActiveCfg = Debug|Any CPU
		{1BA7884A-3D6F-4479-A0F9-44385662FE24}.Debug|Any CPU.Build.0 = Debug|Any CPU
		{1BA7884A-3D6F-4479-A0F9-44385662FE24}.Release|Any CPU.ActiveCfg = Release|Any CPU
		{1BA7884A-3D6F-4479-A0F9-44385662FE24}.Release|Any CPU.Build.0 = Release|Any CPU
		{FBE7E7D4-EBF1-4B0C-B63E-540DA1C9CEAA}.Debug|Any CPU.ActiveCfg = Debug|Any CPU
		{FBE7E7D4-EBF1-4B0C-B63E-540DA1C9CEAA}.Debug|Any CPU.Build.0 = Debug|Any CPU
		{FBE7E7D4-EBF1-4B0C-B63E-540DA1C9CEAA}.Release|Any CPU.ActiveCfg = Release|Any CPU
		{FBE7E7D4-EBF1-4B0C-B63E-540DA1C9CEAA}.Release|Any CPU.Build.0 = Release|Any CPU
		{7E047279-FD70-440F-8FB9-B47E88747EF4}.Debug|Any CPU.ActiveCfg = Debug|Any CPU
		{7E047279-FD70-440F-8FB9-B47E88747EF4}.Debug|Any CPU.Build.0 = Debug|Any CPU
		{7E047279-FD70-440F-8FB9-B47E88747EF4}.Release|Any CPU.ActiveCfg = Release|Any CPU
		{7E047279-FD70-440F-8FB9-B47E88747EF4}.Release|Any CPU.Build.0 = Release|Any CPU
		{A60E1C9A-6E52-42F7-ACA2-BB58DA64361E}.Debug|Any CPU.ActiveCfg = Debug|Any CPU
		{A60E1C9A-6E52-42F7-ACA2-BB58DA64361E}.Debug|Any CPU.Build.0 = Debug|Any CPU
		{A60E1C9A-6E52-42F7-ACA2-BB58DA64361E}.Release|Any CPU.ActiveCfg = Release|Any CPU
		{A60E1C9A-6E52-42F7-ACA2-BB58DA64361E}.Release|Any CPU.Build.0 = Release|Any CPU
		{427A9EFA-5E06-4176-A287-0DC0E0CD3E86}.Debug|Any CPU.ActiveCfg = Debug|Any CPU
		{427A9EFA-5E06-4176-A287-0DC0E0CD3E86}.Debug|Any CPU.Build.0 = Debug|Any CPU
		{427A9EFA-5E06-4176-A287-0DC0E0CD3E86}.Release|Any CPU.ActiveCfg = Release|Any CPU
		{427A9EFA-5E06-4176-A287-0DC0E0CD3E86}.Release|Any CPU.Build.0 = Release|Any CPU
		{4B864ACE-495C-46FB-870F-4D794C02C8F9}.Debug|Any CPU.ActiveCfg = Debug|Any CPU
		{4B864ACE-495C-46FB-870F-4D794C02C8F9}.Debug|Any CPU.Build.0 = Debug|Any CPU
		{4B864ACE-495C-46FB-870F-4D794C02C8F9}.Release|Any CPU.ActiveCfg = Release|Any CPU
		{4B864ACE-495C-46FB-870F-4D794C02C8F9}.Release|Any CPU.Build.0 = Release|Any CPU
		{17419CBD-2AC6-479F-ACA7-D478F9FBF397}.Debug|Any CPU.ActiveCfg = Debug|Any CPU
		{17419CBD-2AC6-479F-ACA7-D478F9FBF397}.Debug|Any CPU.Build.0 = Debug|Any CPU
		{17419CBD-2AC6-479F-ACA7-D478F9FBF397}.Release|Any CPU.ActiveCfg = Release|Any CPU
		{17419CBD-2AC6-479F-ACA7-D478F9FBF397}.Release|Any CPU.Build.0 = Release|Any CPU
		{03856292-CE47-45EE-91D4-6ACF27E1925F}.Debug|Any CPU.ActiveCfg = Debug|Any CPU
		{03856292-CE47-45EE-91D4-6ACF27E1925F}.Debug|Any CPU.Build.0 = Debug|Any CPU
		{03856292-CE47-45EE-91D4-6ACF27E1925F}.Release|Any CPU.ActiveCfg = Release|Any CPU
		{03856292-CE47-45EE-91D4-6ACF27E1925F}.Release|Any CPU.Build.0 = Release|Any CPU
		{762A1A84-4B1E-49A1-BC58-4988BB489F7C}.Debug|Any CPU.ActiveCfg = Debug|Any CPU
		{762A1A84-4B1E-49A1-BC58-4988BB489F7C}.Debug|Any CPU.Build.0 = Debug|Any CPU
		{762A1A84-4B1E-49A1-BC58-4988BB489F7C}.Release|Any CPU.ActiveCfg = Release|Any CPU
		{762A1A84-4B1E-49A1-BC58-4988BB489F7C}.Release|Any CPU.Build.0 = Release|Any CPU
		{3B42D204-BFB1-456F-B5F5-9421EECE465A}.Debug|Any CPU.ActiveCfg = Debug|Any CPU
		{3B42D204-BFB1-456F-B5F5-9421EECE465A}.Debug|Any CPU.Build.0 = Debug|Any CPU
		{3B42D204-BFB1-456F-B5F5-9421EECE465A}.Release|Any CPU.ActiveCfg = Release|Any CPU
		{3B42D204-BFB1-456F-B5F5-9421EECE465A}.Release|Any CPU.Build.0 = Release|Any CPU
		{F8BC96E4-15E2-4F64-9D25-E167EC207404}.Debug|Any CPU.ActiveCfg = Debug|Any CPU
		{F8BC96E4-15E2-4F64-9D25-E167EC207404}.Debug|Any CPU.Build.0 = Debug|Any CPU
		{F8BC96E4-15E2-4F64-9D25-E167EC207404}.Release|Any CPU.ActiveCfg = Release|Any CPU
		{F8BC96E4-15E2-4F64-9D25-E167EC207404}.Release|Any CPU.Build.0 = Release|Any CPU
		{A2EB7FD7-7660-4297-B431-9833CB65A848}.Debug|Any CPU.ActiveCfg = Debug|Any CPU
		{A2EB7FD7-7660-4297-B431-9833CB65A848}.Debug|Any CPU.Build.0 = Debug|Any CPU
		{A2EB7FD7-7660-4297-B431-9833CB65A848}.Release|Any CPU.ActiveCfg = Release|Any CPU
		{A2EB7FD7-7660-4297-B431-9833CB65A848}.Release|Any CPU.Build.0 = Release|Any CPU
		{086D5907-AAF8-4488-A2AD-4A3430D74FAB}.Debug|Any CPU.ActiveCfg = Debug|Any CPU
		{086D5907-AAF8-4488-A2AD-4A3430D74FAB}.Debug|Any CPU.Build.0 = Debug|Any CPU
		{086D5907-AAF8-4488-A2AD-4A3430D74FAB}.Release|Any CPU.ActiveCfg = Release|Any CPU
		{086D5907-AAF8-4488-A2AD-4A3430D74FAB}.Release|Any CPU.Build.0 = Release|Any CPU
		{6ACF8F5B-B1E1-439B-AFFF-42D6B143760E}.Debug|Any CPU.ActiveCfg = Debug|Any CPU
		{6ACF8F5B-B1E1-439B-AFFF-42D6B143760E}.Debug|Any CPU.Build.0 = Debug|Any CPU
		{6ACF8F5B-B1E1-439B-AFFF-42D6B143760E}.Release|Any CPU.ActiveCfg = Release|Any CPU
		{6ACF8F5B-B1E1-439B-AFFF-42D6B143760E}.Release|Any CPU.Build.0 = Release|Any CPU
		{50FB388F-6D68-400C-A919-0414B87466A7}.Debug|Any CPU.ActiveCfg = Debug|Any CPU
		{50FB388F-6D68-400C-A919-0414B87466A7}.Debug|Any CPU.Build.0 = Debug|Any CPU
		{50FB388F-6D68-400C-A919-0414B87466A7}.Release|Any CPU.ActiveCfg = Release|Any CPU
		{50FB388F-6D68-400C-A919-0414B87466A7}.Release|Any CPU.Build.0 = Release|Any CPU
		{F1957BE5-4CA4-494B-A62B-AA4F5E4D460A}.Debug|Any CPU.ActiveCfg = Debug|Any CPU
		{F1957BE5-4CA4-494B-A62B-AA4F5E4D460A}.Debug|Any CPU.Build.0 = Debug|Any CPU
		{F1957BE5-4CA4-494B-A62B-AA4F5E4D460A}.Release|Any CPU.ActiveCfg = Release|Any CPU
		{F1957BE5-4CA4-494B-A62B-AA4F5E4D460A}.Release|Any CPU.Build.0 = Release|Any CPU
		{F2077E7E-7305-4FC7-8D67-D90037B3F370}.Debug|Any CPU.ActiveCfg = Debug|Any CPU
		{F2077E7E-7305-4FC7-8D67-D90037B3F370}.Debug|Any CPU.Build.0 = Debug|Any CPU
		{F2077E7E-7305-4FC7-8D67-D90037B3F370}.Release|Any CPU.ActiveCfg = Release|Any CPU
		{F2077E7E-7305-4FC7-8D67-D90037B3F370}.Release|Any CPU.Build.0 = Release|Any CPU
		{3A3D27B8-10FE-4E72-A3CE-183EBC11503B}.Debug|Any CPU.ActiveCfg = Debug|Any CPU
		{3A3D27B8-10FE-4E72-A3CE-183EBC11503B}.Debug|Any CPU.Build.0 = Debug|Any CPU
		{3A3D27B8-10FE-4E72-A3CE-183EBC11503B}.Release|Any CPU.ActiveCfg = Release|Any CPU
		{3A3D27B8-10FE-4E72-A3CE-183EBC11503B}.Release|Any CPU.Build.0 = Release|Any CPU
		{A8777E05-E344-4673-915B-E9224002C423}.Debug|Any CPU.ActiveCfg = Debug|Any CPU
		{A8777E05-E344-4673-915B-E9224002C423}.Debug|Any CPU.Build.0 = Debug|Any CPU
		{A8777E05-E344-4673-915B-E9224002C423}.Release|Any CPU.ActiveCfg = Release|Any CPU
		{A8777E05-E344-4673-915B-E9224002C423}.Release|Any CPU.Build.0 = Release|Any CPU
		{05B08A0C-5BCA-4FF6-9C42-9DFF5E7DCDEA}.Debug|Any CPU.ActiveCfg = Debug|Any CPU
		{05B08A0C-5BCA-4FF6-9C42-9DFF5E7DCDEA}.Debug|Any CPU.Build.0 = Debug|Any CPU
		{05B08A0C-5BCA-4FF6-9C42-9DFF5E7DCDEA}.Release|Any CPU.ActiveCfg = Release|Any CPU
		{05B08A0C-5BCA-4FF6-9C42-9DFF5E7DCDEA}.Release|Any CPU.Build.0 = Release|Any CPU
		{C9CFE66E-6921-4CCE-83A7-D5B54812122F}.Debug|Any CPU.ActiveCfg = Debug|Any CPU
		{C9CFE66E-6921-4CCE-83A7-D5B54812122F}.Debug|Any CPU.Build.0 = Debug|Any CPU
		{C9CFE66E-6921-4CCE-83A7-D5B54812122F}.Release|Any CPU.ActiveCfg = Release|Any CPU
		{C9CFE66E-6921-4CCE-83A7-D5B54812122F}.Release|Any CPU.Build.0 = Release|Any CPU
		{A0FD4472-99E5-4FBC-A6A7-20786EA167DF}.Debug|Any CPU.ActiveCfg = Debug|Any CPU
		{A0FD4472-99E5-4FBC-A6A7-20786EA167DF}.Debug|Any CPU.Build.0 = Debug|Any CPU
		{A0FD4472-99E5-4FBC-A6A7-20786EA167DF}.Release|Any CPU.ActiveCfg = Release|Any CPU
		{A0FD4472-99E5-4FBC-A6A7-20786EA167DF}.Release|Any CPU.Build.0 = Release|Any CPU
		{86272012-C994-41F7-BFAF-4BED50797B22}.Debug|Any CPU.ActiveCfg = Debug|Any CPU
		{86272012-C994-41F7-BFAF-4BED50797B22}.Debug|Any CPU.Build.0 = Debug|Any CPU
		{86272012-C994-41F7-BFAF-4BED50797B22}.Release|Any CPU.ActiveCfg = Release|Any CPU
		{86272012-C994-41F7-BFAF-4BED50797B22}.Release|Any CPU.Build.0 = Release|Any CPU
		{94B89563-1E74-42F9-96A5-19CD800AFECB}.Debug|Any CPU.ActiveCfg = Debug|Any CPU
		{94B89563-1E74-42F9-96A5-19CD800AFECB}.Debug|Any CPU.Build.0 = Debug|Any CPU
		{94B89563-1E74-42F9-96A5-19CD800AFECB}.Release|Any CPU.ActiveCfg = Release|Any CPU
		{94B89563-1E74-42F9-96A5-19CD800AFECB}.Release|Any CPU.Build.0 = Release|Any CPU
		{E5D2964E-CFE9-4DE6-99B5-1F54F9984F65}.Debug|Any CPU.ActiveCfg = Debug|Any CPU
		{E5D2964E-CFE9-4DE6-99B5-1F54F9984F65}.Debug|Any CPU.Build.0 = Debug|Any CPU
		{E5D2964E-CFE9-4DE6-99B5-1F54F9984F65}.Release|Any CPU.ActiveCfg = Release|Any CPU
		{E5D2964E-CFE9-4DE6-99B5-1F54F9984F65}.Release|Any CPU.Build.0 = Release|Any CPU
		{C92F8E81-6FB1-46FF-9B68-2D126F8903E6}.Debug|Any CPU.ActiveCfg = Debug|Any CPU
		{C92F8E81-6FB1-46FF-9B68-2D126F8903E6}.Debug|Any CPU.Build.0 = Debug|Any CPU
		{C92F8E81-6FB1-46FF-9B68-2D126F8903E6}.Release|Any CPU.ActiveCfg = Release|Any CPU
		{C92F8E81-6FB1-46FF-9B68-2D126F8903E6}.Release|Any CPU.Build.0 = Release|Any CPU
		{B9207BE6-2577-4C49-AF5F-130A17BBEA73}.Debug|Any CPU.ActiveCfg = Debug|Any CPU
		{B9207BE6-2577-4C49-AF5F-130A17BBEA73}.Debug|Any CPU.Build.0 = Debug|Any CPU
		{B9207BE6-2577-4C49-AF5F-130A17BBEA73}.Release|Any CPU.ActiveCfg = Release|Any CPU
		{B9207BE6-2577-4C49-AF5F-130A17BBEA73}.Release|Any CPU.Build.0 = Release|Any CPU
		{40C19FFA-E1E1-4589-86E4-B7BEF336CE79}.Debug|Any CPU.ActiveCfg = Debug|Any CPU
		{40C19FFA-E1E1-4589-86E4-B7BEF336CE79}.Debug|Any CPU.Build.0 = Debug|Any CPU
		{40C19FFA-E1E1-4589-86E4-B7BEF336CE79}.Release|Any CPU.ActiveCfg = Release|Any CPU
		{40C19FFA-E1E1-4589-86E4-B7BEF336CE79}.Release|Any CPU.Build.0 = Release|Any CPU
		{64324C38-03F7-4624-8F00-B85183DDBF99}.Debug|Any CPU.ActiveCfg = Debug|Any CPU
		{64324C38-03F7-4624-8F00-B85183DDBF99}.Debug|Any CPU.Build.0 = Debug|Any CPU
		{64324C38-03F7-4624-8F00-B85183DDBF99}.Release|Any CPU.ActiveCfg = Release|Any CPU
		{64324C38-03F7-4624-8F00-B85183DDBF99}.Release|Any CPU.Build.0 = Release|Any CPU
		{14C24193-D5E0-4D29-B270-C27B43CC1925}.Debug|Any CPU.ActiveCfg = Debug|Any CPU
		{14C24193-D5E0-4D29-B270-C27B43CC1925}.Debug|Any CPU.Build.0 = Debug|Any CPU
		{14C24193-D5E0-4D29-B270-C27B43CC1925}.Release|Any CPU.ActiveCfg = Release|Any CPU
		{14C24193-D5E0-4D29-B270-C27B43CC1925}.Release|Any CPU.Build.0 = Release|Any CPU
		{B25208A4-3C80-411E-A36A-7BC4AA506DC7}.Debug|Any CPU.ActiveCfg = Debug|Any CPU
		{B25208A4-3C80-411E-A36A-7BC4AA506DC7}.Debug|Any CPU.Build.0 = Debug|Any CPU
		{B25208A4-3C80-411E-A36A-7BC4AA506DC7}.Release|Any CPU.ActiveCfg = Release|Any CPU
		{B25208A4-3C80-411E-A36A-7BC4AA506DC7}.Release|Any CPU.Build.0 = Release|Any CPU
		{2A56B16C-3980-4380-84E8-B20DEEEFB5D6}.Debug|Any CPU.ActiveCfg = Debug|Any CPU
		{2A56B16C-3980-4380-84E8-B20DEEEFB5D6}.Debug|Any CPU.Build.0 = Debug|Any CPU
		{2A56B16C-3980-4380-84E8-B20DEEEFB5D6}.Release|Any CPU.ActiveCfg = Release|Any CPU
		{2A56B16C-3980-4380-84E8-B20DEEEFB5D6}.Release|Any CPU.Build.0 = Release|Any CPU
		{269971FF-B748-4B95-8507-534C229A60B9}.Debug|Any CPU.ActiveCfg = Debug|Any CPU
		{269971FF-B748-4B95-8507-534C229A60B9}.Debug|Any CPU.Build.0 = Debug|Any CPU
		{269971FF-B748-4B95-8507-534C229A60B9}.Release|Any CPU.ActiveCfg = Release|Any CPU
		{269971FF-B748-4B95-8507-534C229A60B9}.Release|Any CPU.Build.0 = Release|Any CPU
		{F6244150-1AD9-470E-B0F0-72389B10639E}.Debug|Any CPU.ActiveCfg = Debug|Any CPU
		{F6244150-1AD9-470E-B0F0-72389B10639E}.Debug|Any CPU.Build.0 = Debug|Any CPU
		{F6244150-1AD9-470E-B0F0-72389B10639E}.Release|Any CPU.ActiveCfg = Release|Any CPU
		{F6244150-1AD9-470E-B0F0-72389B10639E}.Release|Any CPU.Build.0 = Release|Any CPU
		{D1102F23-265A-4CA8-975C-75564DFFAA04}.Debug|Any CPU.ActiveCfg = Debug|Any CPU
		{D1102F23-265A-4CA8-975C-75564DFFAA04}.Debug|Any CPU.Build.0 = Debug|Any CPU
		{D1102F23-265A-4CA8-975C-75564DFFAA04}.Release|Any CPU.ActiveCfg = Release|Any CPU
		{D1102F23-265A-4CA8-975C-75564DFFAA04}.Release|Any CPU.Build.0 = Release|Any CPU
		{F4C5ECB6-2C17-4BC9-BF8F-BA9117BD2843}.Debug|Any CPU.ActiveCfg = Debug|Any CPU
		{F4C5ECB6-2C17-4BC9-BF8F-BA9117BD2843}.Debug|Any CPU.Build.0 = Debug|Any CPU
		{F4C5ECB6-2C17-4BC9-BF8F-BA9117BD2843}.Release|Any CPU.ActiveCfg = Release|Any CPU
		{F4C5ECB6-2C17-4BC9-BF8F-BA9117BD2843}.Release|Any CPU.Build.0 = Release|Any CPU
		{B9C4BF5F-2D56-4B06-A1EE-1E1CC642D14B}.Debug|Any CPU.ActiveCfg = Debug|Any CPU
		{B9C4BF5F-2D56-4B06-A1EE-1E1CC642D14B}.Debug|Any CPU.Build.0 = Debug|Any CPU
		{B9C4BF5F-2D56-4B06-A1EE-1E1CC642D14B}.Release|Any CPU.ActiveCfg = Release|Any CPU
		{B9C4BF5F-2D56-4B06-A1EE-1E1CC642D14B}.Release|Any CPU.Build.0 = Release|Any CPU
		{6CE987BF-9677-476C-8BB9-1BE7CC16F932}.Debug|Any CPU.ActiveCfg = Debug|Any CPU
		{6CE987BF-9677-476C-8BB9-1BE7CC16F932}.Debug|Any CPU.Build.0 = Debug|Any CPU
		{6CE987BF-9677-476C-8BB9-1BE7CC16F932}.Release|Any CPU.ActiveCfg = Release|Any CPU
		{6CE987BF-9677-476C-8BB9-1BE7CC16F932}.Release|Any CPU.Build.0 = Release|Any CPU
		{BD63E691-0A53-46CE-B687-E3CD95F1D4B1}.Debug|Any CPU.ActiveCfg = Debug|Any CPU
		{BD63E691-0A53-46CE-B687-E3CD95F1D4B1}.Debug|Any CPU.Build.0 = Debug|Any CPU
		{BD63E691-0A53-46CE-B687-E3CD95F1D4B1}.Release|Any CPU.ActiveCfg = Release|Any CPU
		{BD63E691-0A53-46CE-B687-E3CD95F1D4B1}.Release|Any CPU.Build.0 = Release|Any CPU
		{FCF9AB0E-4310-4BCB-8682-833450658B97}.Debug|Any CPU.ActiveCfg = Debug|Any CPU
		{FCF9AB0E-4310-4BCB-8682-833450658B97}.Debug|Any CPU.Build.0 = Debug|Any CPU
		{FCF9AB0E-4310-4BCB-8682-833450658B97}.Release|Any CPU.ActiveCfg = Release|Any CPU
		{FCF9AB0E-4310-4BCB-8682-833450658B97}.Release|Any CPU.Build.0 = Release|Any CPU
		{607AB17F-1305-4002-A980-DB60699688F1}.Debug|Any CPU.ActiveCfg = Debug|Any CPU
		{607AB17F-1305-4002-A980-DB60699688F1}.Debug|Any CPU.Build.0 = Debug|Any CPU
		{607AB17F-1305-4002-A980-DB60699688F1}.Release|Any CPU.ActiveCfg = Release|Any CPU
		{607AB17F-1305-4002-A980-DB60699688F1}.Release|Any CPU.Build.0 = Release|Any CPU
		{128B3A5D-E28C-4C7F-8B16-3202D0F73A00}.Debug|Any CPU.ActiveCfg = Debug|Any CPU
		{128B3A5D-E28C-4C7F-8B16-3202D0F73A00}.Debug|Any CPU.Build.0 = Debug|Any CPU
		{128B3A5D-E28C-4C7F-8B16-3202D0F73A00}.Release|Any CPU.ActiveCfg = Release|Any CPU
		{128B3A5D-E28C-4C7F-8B16-3202D0F73A00}.Release|Any CPU.Build.0 = Release|Any CPU
		{B98F63AB-F0C8-4594-98BD-0BBBAEA4C4E9}.Debug|Any CPU.ActiveCfg = Debug|Any CPU
		{B98F63AB-F0C8-4594-98BD-0BBBAEA4C4E9}.Debug|Any CPU.Build.0 = Debug|Any CPU
		{B98F63AB-F0C8-4594-98BD-0BBBAEA4C4E9}.Release|Any CPU.ActiveCfg = Release|Any CPU
		{B98F63AB-F0C8-4594-98BD-0BBBAEA4C4E9}.Release|Any CPU.Build.0 = Release|Any CPU
		{62EBA4E5-BD13-4F7C-85E6-65D633B3FB6C}.Debug|Any CPU.ActiveCfg = Debug|Any CPU
		{62EBA4E5-BD13-4F7C-85E6-65D633B3FB6C}.Debug|Any CPU.Build.0 = Debug|Any CPU
		{62EBA4E5-BD13-4F7C-85E6-65D633B3FB6C}.Release|Any CPU.ActiveCfg = Release|Any CPU
		{62EBA4E5-BD13-4F7C-85E6-65D633B3FB6C}.Release|Any CPU.Build.0 = Release|Any CPU
		{DFE95B37-24F5-417A-8C3F-788255CE8A04}.Debug|Any CPU.ActiveCfg = Debug|Any CPU
		{DFE95B37-24F5-417A-8C3F-788255CE8A04}.Debug|Any CPU.Build.0 = Debug|Any CPU
		{DFE95B37-24F5-417A-8C3F-788255CE8A04}.Release|Any CPU.ActiveCfg = Release|Any CPU
		{DFE95B37-24F5-417A-8C3F-788255CE8A04}.Release|Any CPU.Build.0 = Release|Any CPU
		{77E253C3-5FCE-45A4-B285-BE24945E0D70}.Debug|Any CPU.ActiveCfg = Debug|Any CPU
		{77E253C3-5FCE-45A4-B285-BE24945E0D70}.Debug|Any CPU.Build.0 = Debug|Any CPU
		{77E253C3-5FCE-45A4-B285-BE24945E0D70}.Release|Any CPU.ActiveCfg = Release|Any CPU
		{77E253C3-5FCE-45A4-B285-BE24945E0D70}.Release|Any CPU.Build.0 = Release|Any CPU
		{32ECF281-6D99-42D4-AD00-C8B56A8270F8}.Debug|Any CPU.ActiveCfg = Debug|Any CPU
		{32ECF281-6D99-42D4-AD00-C8B56A8270F8}.Debug|Any CPU.Build.0 = Debug|Any CPU
		{32ECF281-6D99-42D4-AD00-C8B56A8270F8}.Release|Any CPU.ActiveCfg = Release|Any CPU
		{32ECF281-6D99-42D4-AD00-C8B56A8270F8}.Release|Any CPU.Build.0 = Release|Any CPU
		{2EBD1C45-9D80-413A-9BE8-4ECB43C06843}.Debug|Any CPU.ActiveCfg = Debug|Any CPU
		{2EBD1C45-9D80-413A-9BE8-4ECB43C06843}.Debug|Any CPU.Build.0 = Debug|Any CPU
		{2EBD1C45-9D80-413A-9BE8-4ECB43C06843}.Release|Any CPU.ActiveCfg = Release|Any CPU
		{2EBD1C45-9D80-413A-9BE8-4ECB43C06843}.Release|Any CPU.Build.0 = Release|Any CPU
		{79198D56-C3F2-49D6-B8BF-5BB674B6F7A2}.Debug|Any CPU.ActiveCfg = Debug|Any CPU
		{79198D56-C3F2-49D6-B8BF-5BB674B6F7A2}.Debug|Any CPU.Build.0 = Debug|Any CPU
		{79198D56-C3F2-49D6-B8BF-5BB674B6F7A2}.Release|Any CPU.ActiveCfg = Release|Any CPU
		{79198D56-C3F2-49D6-B8BF-5BB674B6F7A2}.Release|Any CPU.Build.0 = Release|Any CPU
		{83504141-FF2A-427E-8A51-9FA0E9037A78}.Debug|Any CPU.ActiveCfg = Debug|Any CPU
		{83504141-FF2A-427E-8A51-9FA0E9037A78}.Debug|Any CPU.Build.0 = Debug|Any CPU
		{83504141-FF2A-427E-8A51-9FA0E9037A78}.Release|Any CPU.ActiveCfg = Release|Any CPU
		{83504141-FF2A-427E-8A51-9FA0E9037A78}.Release|Any CPU.Build.0 = Release|Any CPU
		{DF67FD2D-4897-43C5-A93E-7CCADBB29E75}.Debug|Any CPU.ActiveCfg = Debug|Any CPU
		{DF67FD2D-4897-43C5-A93E-7CCADBB29E75}.Debug|Any CPU.Build.0 = Debug|Any CPU
		{DF67FD2D-4897-43C5-A93E-7CCADBB29E75}.Release|Any CPU.ActiveCfg = Release|Any CPU
		{DF67FD2D-4897-43C5-A93E-7CCADBB29E75}.Release|Any CPU.Build.0 = Release|Any CPU
		{4B862F51-054D-467F-971D-8A7B72F5B498}.Debug|Any CPU.ActiveCfg = Debug|Any CPU
		{4B862F51-054D-467F-971D-8A7B72F5B498}.Debug|Any CPU.Build.0 = Debug|Any CPU
		{4B862F51-054D-467F-971D-8A7B72F5B498}.Release|Any CPU.ActiveCfg = Release|Any CPU
		{4B862F51-054D-467F-971D-8A7B72F5B498}.Release|Any CPU.Build.0 = Release|Any CPU
		{05EF2C70-B5B0-4351-B940-041A03A6BB84}.Debug|Any CPU.ActiveCfg = Debug|Any CPU
		{05EF2C70-B5B0-4351-B940-041A03A6BB84}.Debug|Any CPU.Build.0 = Debug|Any CPU
		{05EF2C70-B5B0-4351-B940-041A03A6BB84}.Release|Any CPU.ActiveCfg = Release|Any CPU
		{05EF2C70-B5B0-4351-B940-041A03A6BB84}.Release|Any CPU.Build.0 = Release|Any CPU
		{18BC2EE7-E798-40DE-A346-0B803137E67D}.Debug|Any CPU.ActiveCfg = Debug|Any CPU
		{18BC2EE7-E798-40DE-A346-0B803137E67D}.Debug|Any CPU.Build.0 = Debug|Any CPU
		{18BC2EE7-E798-40DE-A346-0B803137E67D}.Release|Any CPU.ActiveCfg = Release|Any CPU
		{18BC2EE7-E798-40DE-A346-0B803137E67D}.Release|Any CPU.Build.0 = Release|Any CPU
		{D0399EAC-5563-4234-9828-0C607BAF7623}.Debug|Any CPU.ActiveCfg = Debug|Any CPU
		{D0399EAC-5563-4234-9828-0C607BAF7623}.Debug|Any CPU.Build.0 = Debug|Any CPU
		{D0399EAC-5563-4234-9828-0C607BAF7623}.Release|Any CPU.ActiveCfg = Release|Any CPU
		{D0399EAC-5563-4234-9828-0C607BAF7623}.Release|Any CPU.Build.0 = Release|Any CPU
		{72432190-8D4D-4E64-B622-F83BE80A3CBB}.Debug|Any CPU.ActiveCfg = Debug|Any CPU
		{72432190-8D4D-4E64-B622-F83BE80A3CBB}.Debug|Any CPU.Build.0 = Debug|Any CPU
		{72432190-8D4D-4E64-B622-F83BE80A3CBB}.Release|Any CPU.ActiveCfg = Release|Any CPU
		{72432190-8D4D-4E64-B622-F83BE80A3CBB}.Release|Any CPU.Build.0 = Release|Any CPU
		{D2105979-EE3B-432B-8016-172BA949DE2F}.Debug|Any CPU.ActiveCfg = Debug|Any CPU
		{D2105979-EE3B-432B-8016-172BA949DE2F}.Debug|Any CPU.Build.0 = Debug|Any CPU
		{D2105979-EE3B-432B-8016-172BA949DE2F}.Release|Any CPU.ActiveCfg = Release|Any CPU
		{D2105979-EE3B-432B-8016-172BA949DE2F}.Release|Any CPU.Build.0 = Release|Any CPU
		{7015C2C4-4050-4631-9394-7EAF19AB0191}.Debug|Any CPU.ActiveCfg = Debug|Any CPU
		{7015C2C4-4050-4631-9394-7EAF19AB0191}.Debug|Any CPU.Build.0 = Debug|Any CPU
		{7015C2C4-4050-4631-9394-7EAF19AB0191}.Release|Any CPU.ActiveCfg = Release|Any CPU
		{7015C2C4-4050-4631-9394-7EAF19AB0191}.Release|Any CPU.Build.0 = Release|Any CPU
		{C029D4C6-3A10-459E-96D7-3E77170A5A10}.Debug|Any CPU.ActiveCfg = Debug|Any CPU
		{C029D4C6-3A10-459E-96D7-3E77170A5A10}.Debug|Any CPU.Build.0 = Debug|Any CPU
		{C029D4C6-3A10-459E-96D7-3E77170A5A10}.Release|Any CPU.ActiveCfg = Release|Any CPU
		{C029D4C6-3A10-459E-96D7-3E77170A5A10}.Release|Any CPU.Build.0 = Release|Any CPU
		{0CBB430D-BF64-436F-93BE-8E8088DBCBFE}.Debug|Any CPU.ActiveCfg = Debug|Any CPU
		{0CBB430D-BF64-436F-93BE-8E8088DBCBFE}.Debug|Any CPU.Build.0 = Debug|Any CPU
		{0CBB430D-BF64-436F-93BE-8E8088DBCBFE}.Release|Any CPU.ActiveCfg = Release|Any CPU
		{0CBB430D-BF64-436F-93BE-8E8088DBCBFE}.Release|Any CPU.Build.0 = Release|Any CPU
		{758DDF02-FFE7-4A4A-BD7C-0B189F3257C9}.Debug|Any CPU.ActiveCfg = Debug|Any CPU
		{758DDF02-FFE7-4A4A-BD7C-0B189F3257C9}.Debug|Any CPU.Build.0 = Debug|Any CPU
		{758DDF02-FFE7-4A4A-BD7C-0B189F3257C9}.Release|Any CPU.ActiveCfg = Release|Any CPU
		{758DDF02-FFE7-4A4A-BD7C-0B189F3257C9}.Release|Any CPU.Build.0 = Release|Any CPU
		{DFF04F1E-2963-4A88-AF92-D14AD48617F2}.Debug|Any CPU.ActiveCfg = Debug|Any CPU
		{DFF04F1E-2963-4A88-AF92-D14AD48617F2}.Debug|Any CPU.Build.0 = Debug|Any CPU
		{DFF04F1E-2963-4A88-AF92-D14AD48617F2}.Release|Any CPU.ActiveCfg = Release|Any CPU
		{DFF04F1E-2963-4A88-AF92-D14AD48617F2}.Release|Any CPU.Build.0 = Release|Any CPU
		{202E2755-AB2F-4EA5-94D0-574487079CFF}.Debug|Any CPU.ActiveCfg = Debug|Any CPU
		{202E2755-AB2F-4EA5-94D0-574487079CFF}.Debug|Any CPU.Build.0 = Debug|Any CPU
		{202E2755-AB2F-4EA5-94D0-574487079CFF}.Release|Any CPU.ActiveCfg = Release|Any CPU
		{202E2755-AB2F-4EA5-94D0-574487079CFF}.Release|Any CPU.Build.0 = Release|Any CPU
		{B287CA86-D25C-40B0-98B9-855064F99EE3}.Debug|Any CPU.ActiveCfg = Debug|Any CPU
		{B287CA86-D25C-40B0-98B9-855064F99EE3}.Debug|Any CPU.Build.0 = Debug|Any CPU
		{B287CA86-D25C-40B0-98B9-855064F99EE3}.Release|Any CPU.ActiveCfg = Release|Any CPU
		{B287CA86-D25C-40B0-98B9-855064F99EE3}.Release|Any CPU.Build.0 = Release|Any CPU
		{91499710-DC6A-4494-9661-9D374829E975}.Debug|Any CPU.ActiveCfg = Debug|Any CPU
		{91499710-DC6A-4494-9661-9D374829E975}.Debug|Any CPU.Build.0 = Debug|Any CPU
		{91499710-DC6A-4494-9661-9D374829E975}.Release|Any CPU.ActiveCfg = Release|Any CPU
		{91499710-DC6A-4494-9661-9D374829E975}.Release|Any CPU.Build.0 = Release|Any CPU
		{3E499D5B-C5A9-4BCD-BF35-46D590EC06AD}.Debug|Any CPU.ActiveCfg = Debug|Any CPU
		{3E499D5B-C5A9-4BCD-BF35-46D590EC06AD}.Debug|Any CPU.Build.0 = Debug|Any CPU
		{3E499D5B-C5A9-4BCD-BF35-46D590EC06AD}.Release|Any CPU.ActiveCfg = Release|Any CPU
		{3E499D5B-C5A9-4BCD-BF35-46D590EC06AD}.Release|Any CPU.Build.0 = Release|Any CPU
	EndGlobalSection
	GlobalSection(SolutionProperties) = preSolution
		HideSolutionNode = FALSE
	EndGlobalSection
	GlobalSection(ExtensibilityGlobals) = postSolution
		SolutionGuid = {A9C4E72E-BB5B-4EAD-B0E6-4845EB77019B}
	EndGlobalSection
EndGlobal
