{
  "version": 1,
  "dependencies": {
    "net10.0": {
      "CommandLineParser": {
        "type": "Direct",
        "requested": "[2.9.1, )",
        "resolved": "2.9.1",
        "contentHash": "OE0sl1/sQ37bjVsPKKtwQlWDgqaxWgtme3xZz7JssWUzg5JpMIyHgCTY9MVMxOg48fJ1AgGT3tgdH5m/kQ5xhA=="
      },
      "Humanizer.Core": {
        "type": "Direct",
        "requested": "[3.0.10, )",
        "resolved": "3.0.10",
        "contentHash": "yZIhtw8sYuvsONzQbZxWpR60tMWYHXoo0DL6nyOqSFiU5POjBTSEyWFpTQtJEZuy+oqiYTXKXY/Mjx7KnqIQFw=="
      },
      "LibGit2Sharp": {
        "type": "Direct",
        "requested": "[0.31.0, )",
        "resolved": "0.31.0",
        "contentHash": "b3+UfV7LjKMjAHWwl7VawejiOv2gJIC6dTCA/S0puLTHACAA/Oeb5JJmWUQMeyH/T/WR/LaIK8bk2RbdFnrZvg==",
        "dependencies": {
          "LibGit2Sharp.NativeBinaries": "[2.0.323]"
        }
      },
      "Microsoft.CodeAnalysis.CSharp.Workspaces": {
        "type": "Direct",
        "requested": "[5.3.0, )",
        "resolved": "5.3.0",
        "contentHash": "mRwxchBs3ewXK4dqK4R/eVCx99VIq1k/lhwArlu+fJuV0uzmbkTTRw4jR9gN9sOcAQfX0uV9KQlmCk1yC0JNog==",
        "dependencies": {
          "Humanizer.Core": "2.14.1",
          "Microsoft.CodeAnalysis.Analyzers": "5.3.0-2.25625.1",
          "Microsoft.CodeAnalysis.CSharp": "[5.3.0]",
          "Microsoft.CodeAnalysis.Common": "[5.3.0]",
          "Microsoft.CodeAnalysis.Workspaces.Common": "[5.3.0]",
          "System.Composition": "9.0.0"
        }
      },
      "Scriban": {
        "type": "Direct",
        "requested": "[6.5.5, )",
        "resolved": "6.5.5",
        "contentHash": "TxsmDVQ9agPQaY+SvdTO+zntGpJOnL1QaO4dzACfc6gEKRYhoMpzCCFuVixEZXet291sRnjyym6lB69Cr/EXPQ=="
      },
      "Tomlyn": {
        "type": "Direct",
        "requested": "[1.1.1, )",
        "resolved": "1.1.1",
        "contentHash": "NTKy4qdZyepRcaWZtFRdii8qV2v/CUlzIFsei6+Qz95lvUeGOsqOzKlC1iHYTN/HFgILEoU6B5u+JwXN7JHq1A=="
      },
      "LibGit2Sharp.NativeBinaries": {
        "type": "Transitive",
        "resolved": "2.0.323",
        "contentHash": "Kg+fJGWhGj5qRXG0Ilj4ddhuodGXZg57yhfX6OVUDR0M2DKg/UR42/d74+qv5l1qotc1qJilo/ho7xQnULP6yA=="
      },
      "Microsoft.CodeAnalysis.Analyzers": {
        "type": "Transitive",
        "resolved": "5.3.0-2.final",
        "contentHash": "VzdevMuvWpgH5s7bj+Y8CHaAPvJvzdRjBL/f2bzCEugZIOFOCZfblsbHwbCJ3hUFvvrbbcLcTrLt6HIj3bngAw=="
      },
      "Microsoft.CodeAnalysis.Common": {
        "type": "Transitive",
        "resolved": "5.3.0",
        "contentHash": "uC0qk3jzTQY7i90ehfnCqaOZpBUGJyPMiHJ3c0jOb8yaPBjWzIhVdNxPbeVzI74DB0C+YgBKPLqUkgFZzua5Mg==",
        "dependencies": {
          "Microsoft.CodeAnalysis.Analyzers": "5.3.0-2.25625.1"
        }
      },
      "Microsoft.CodeAnalysis.CSharp": {
        "type": "Transitive",
        "resolved": "5.3.0",
        "contentHash": "SQFNGQF4f7UfDXKxMzzGNMr3fjrPDIjLfmRvvVgDCw+dyvEHDaRfHuKA5q0Pr0/JW0Gcw89TxrxrS/MjwBvluQ==",
        "dependencies": {
          "Microsoft.CodeAnalysis.Analyzers": "5.3.0-2.25625.1",
          "Microsoft.CodeAnalysis.Common": "[5.3.0]"
        }
      },
      "Microsoft.CodeAnalysis.Workspaces.Common": {
        "type": "Transitive",
        "resolved": "5.3.0",
        "contentHash": "QSf1ge9A+XFZbGL+gIqXYBIKlm8QdQVLvHDPZiydG11W6mJY7XBMusrsgIEz6L8GYMzGJKTM78m9icliGMF7NA==",
        "dependencies": {
          "Humanizer.Core": "2.14.1",
          "Microsoft.CodeAnalysis.Analyzers": "5.3.0-2.25625.1",
          "Microsoft.CodeAnalysis.Common": "[5.3.0]",
          "System.Composition": "9.0.0"
        }
      },
      "System.Composition": {
        "type": "Transitive",
        "resolved": "9.0.0",
        "contentHash": "3Djj70fFTraOarSKmRnmRy/zm4YurICm+kiCtI0dYRqGJnLX6nJ+G3WYuFJ173cAPax/gh96REcbNiVqcrypFQ==",
        "dependencies": {
          "System.Composition.AttributedModel": "9.0.0",
          "System.Composition.Convention": "9.0.0",
          "System.Composition.Hosting": "9.0.0",
          "System.Composition.Runtime": "9.0.0",
          "System.Composition.TypedParts": "9.0.0"
        }
      },
      "System.Composition.AttributedModel": {
        "type": "Transitive",
        "resolved": "9.0.0",
        "contentHash": "iri00l/zIX9g4lHMY+Nz0qV1n40+jFYAmgsaiNn16xvt2RDwlqByNG4wgblagnDYxm3YSQQ0jLlC/7Xlk9CzyA=="
      },
      "System.Composition.Convention": {
        "type": "Transitive",
        "resolved": "9.0.0",
        "contentHash": "+vuqVP6xpi582XIjJi6OCsIxuoTZfR0M7WWufk3uGDeCl3wGW6KnpylUJ3iiXdPByPE0vR5TjJgR6hDLez4FQg==",
        "dependencies": {
          "System.Composition.AttributedModel": "9.0.0"
        }
      },
      "System.Composition.Hosting": {
        "type": "Transitive",
        "resolved": "9.0.0",
        "contentHash": "OFqSeFeJYr7kHxDfaViGM1ymk7d4JxK//VSoNF9Ux0gpqkLsauDZpu89kTHHNdCWfSljbFcvAafGyBoY094btQ==",
        "dependencies": {
          "System.Composition.Runtime": "9.0.0"
        }
      },
      "System.Composition.Runtime": {
        "type": "Transitive",
        "resolved": "9.0.0",
        "contentHash": "w1HOlQY1zsOWYussjFGZCEYF2UZXgvoYnS94NIu2CBnAGMbXFAX8PY8c92KwUItPmowal68jnVLBCzdrWLeEKA=="
      },
      "System.Composition.TypedParts": {
        "type": "Transitive",
        "resolved": "9.0.0",
        "contentHash": "aRZlojCCGEHDKqh43jaDgaVpYETsgd7Nx4g1zwLKMtv4iTo0627715ajEFNpEEBTgLmvZuv8K0EVxc3sM4NWJA==",
        "dependencies": {
          "System.Composition.AttributedModel": "9.0.0",
          "System.Composition.Hosting": "9.0.0",
          "System.Composition.Runtime": "9.0.0"
        }
      }
    }
  }
}